<?xml version="1.0" encoding="utf-8"?>
<Project ToolsVersion="4.0" xmlns="http://schemas.microsoft.com/developer/msbuild/2003">
  <ItemGroup>
    <Filter Include="Source Files">
      <UniqueIdentifier>{7db79aef-f02b-40a5-a7ba-ba114d85bf71}</UniqueIdentifier>
      <Extensions>cpp;c;cxx;rc;def;r;odl;idl;hpj;bat</Extensions>
    </Filter>
    <Filter Include="Header Files">
      <UniqueIdentifier>{3aa05519-b8d0-4e99-ba8f-5bfd98efba40}</UniqueIdentifier>
      <Extensions>h;hpp;hxx;hm;inl</Extensions>
    </Filter>
    <Filter Include="Resource Files">
      <UniqueIdentifier>{a668b1fc-6d0c-493e-b0f7-b3bc4ccb4d8b}</UniqueIdentifier>
      <Extensions>ico;cur;bmp;dlg;rc2;rct;bin;rgs;gif;jpg;jpeg;jpe</Extensions>
    </Filter>
  </ItemGroup>
  <ItemGroup>
    <ClCompile Include="..\Common\Source\AudioStream.cpp">
      <Filter>Source Files</Filter>
    </ClCompile>
    <ClCompile Include="..\Source\CartwallComponents.cpp">
      <Filter>Source Files</Filter>
    </ClCompile>
    <ClCompile Include="..\Source\DigitalLeftView.cpp">
      <Filter>Source Files</Filter>
    </ClCompile>
    <ClCompile Include="..\Common\Source\DRMDropTarget.cpp">
      <Filter>Source Files</Filter>
    </ClCompile>
    <ClCompile Include="..\Common\Source\DRMHtml.cpp">
      <Filter>Source Files</Filter>
    </ClCompile>
    <ClCompile Include="..\Common\Source\HtmlInfo.cpp">
      <Filter>Source Files</Filter>
    </ClCompile>
    <ClCompile Include="LineUpName.cpp">
      <Filter>Source Files</Filter>
    </ClCompile>
    <ClCompile Include="MainFrm.cpp">
      <Filter>Source Files</Filter>
    </ClCompile>
    <ClCompile Include="..\Common\Source\Mp3File.cpp">
      <Filter>Source Files</Filter>
    </ClCompile>
    <ClCompile Include="NewsLineUp.cpp">
      <Filter>Source Files</Filter>
    </ClCompile>
    <ClCompile Include="NewsLineUpFrame.cpp">
      <Filter>Source Files</Filter>
    </ClCompile>
    <ClCompile Include="NewsLineUpLeftView.cpp">
      <Filter>Source Files</Filter>
    </ClCompile>
    <ClCompile Include="NewsRoom.cpp">
      <Filter>Source Files</Filter>
    </ClCompile>
    <ClCompile Include="NewsRoomDoc.cpp">
      <Filter>Source Files</Filter>
    </ClCompile>
    <ClCompile Include="NewsRoomView.cpp">
      <Filter>Source Files</Filter>
    </ClCompile>
    <ClCompile Include="NewsText.cpp">
      <Filter>Source Files</Filter>
    </ClCompile>
    <ClCompile Include="..\Common\Source\Permissions.cpp">
      <Filter>Source Files</Filter>
    </ClCompile>
    <ClCompile Include="..\OnAir\PFLWnd.cpp">
      <Filter>Source Files</Filter>
    </ClCompile>
    <ClCompile Include="..\OnAir\PlayerButton.cpp">
      <Filter>Source Files</Filter>
    </ClCompile>
    <ClCompile Include="..\Traffic\RadioStation.cpp">
      <Filter>Source Files</Filter>
    </ClCompile>
    <ClCompile Include="..\OnAir\Recorder.cpp">
      <Filter>Source Files</Filter>
    </ClCompile>
    <ClCompile Include="RMLineUpFrame.cpp">
      <Filter>Source Files</Filter>
    </ClCompile>
    <ClCompile Include="RMLineUpLeftView.cpp">
      <Filter>Source Files</Filter>
    </ClCompile>
    <ClCompile Include="RMLineUpRightView.cpp">
      <Filter>Source Files</Filter>
    </ClCompile>
    <ClCompile Include="RMs.cpp">
      <Filter>Source Files</Filter>
    </ClCompile>
    <ClCompile Include="RMsManagementFrame.cpp">
      <Filter>Source Files</Filter>
    </ClCompile>
    <ClCompile Include="RMsManagementLeftView.cpp">
      <Filter>Source Files</Filter>
    </ClCompile>
    <ClCompile Include="RMsOnAirFrame.cpp">
      <Filter>Source Files</Filter>
    </ClCompile>
    <ClCompile Include="RMsOnAirLeftView.cpp">
      <Filter>Source Files</Filter>
    </ClCompile>
    <ClCompile Include="..\Source\RSBlocksComposition.cpp">
      <Filter>Source Files</Filter>
    </ClCompile>
    <ClCompile Include="..\Source\RSBlocksDefinition.cpp">
      <Filter>Source Files</Filter>
    </ClCompile>
    <ClCompile Include="..\Source\RSCartwallDefinition.cpp">
      <Filter>Source Files</Filter>
    </ClCompile>
    <ClCompile Include="..\Common\Source\rscomputers.cpp">
      <Filter>Source Files</Filter>
    </ClCompile>
    <ClCompile Include="..\Source\RSNews.cpp">
      <Filter>Source Files</Filter>
    </ClCompile>
    <ClCompile Include="..\Source\RSNewsLineUpComponents.cpp">
      <Filter>Source Files</Filter>
    </ClCompile>
    <ClCompile Include="..\Source\RSNewsLineUpDefinition.cpp">
      <Filter>Source Files</Filter>
    </ClCompile>
    <ClCompile Include="..\Source\RSPath.cpp">
      <Filter>Source Files</Filter>
    </ClCompile>
    <ClCompile Include="..\Source\RSRadioStations.cpp">
      <Filter>Source Files</Filter>
    </ClCompile>
    <ClCompile Include="..\Source\RSRms.cpp">
      <Filter>Source Files</Filter>
    </ClCompile>
    <ClCompile Include="..\Source\RSRMsOnAir.cpp">
      <Filter>Source Files</Filter>
    </ClCompile>
    <ClCompile Include="..\Common\Source\rssystemusers.cpp">
      <Filter>Source Files</Filter>
    </ClCompile>
    <ClCompile Include="..\Source\RSTypeOfRM.cpp">
      <Filter>Source Files</Filter>
    </ClCompile>
    <ClCompile Include="..\OnAir\RSViewJinglesDataOnAir.cpp">
      <Filter>Source Files</Filter>
    </ClCompile>
    <ClCompile Include="..\OnAir\RSViewMusicDataPlaying.cpp">
      <Filter>Source Files</Filter>
    </ClCompile>
    <ClCompile Include="..\Source\RSViewNews.cpp">
      <Filter>Source Files</Filter>
    </ClCompile>
    <ClCompile Include="..\Source\RSViewNewsLineUpTitles.cpp">
      <Filter>Source Files</Filter>
    </ClCompile>
    <ClCompile Include="..\Source\RSViewNewsList.cpp">
      <Filter>Source Files</Filter>
    </ClCompile>
    <ClCompile Include="..\Source\RSViewNewsOnAir.cpp">
      <Filter>Source Files</Filter>
    </ClCompile>
    <ClCompile Include="..\Source\RSViewRecordings.cpp">
      <Filter>Source Files</Filter>
    </ClCompile>
    <ClCompile Include="..\Source\RSViewRMFiles.cpp">
      <Filter>Source Files</Filter>
    </ClCompile>
    <ClCompile Include="..\Source\RSViewRms.cpp">
      <Filter>Source Files</Filter>
    </ClCompile>
    <ClCompile Include="..\Source\RSViewRMsOnAir.cpp">
      <Filter>Source Files</Filter>
    </ClCompile>
    <ClCompile Include="..\OnAir\RSViewSpotOnAirData.cpp">
      <Filter>Source Files</Filter>
    </ClCompile>
    <ClCompile Include="..\Source\RSViewTimeSignal.cpp">
      <Filter>Source Files</Filter>
    </ClCompile>
    <ClCompile Include="..\Source\RSViewTraffic.cpp">
      <Filter>Source Files</Filter>
    </ClCompile>
    <ClCompile Include="..\OnAir\RSViewVoiceInsertOnAir.cpp">
      <Filter>Source Files</Filter>
    </ClCompile>
    <ClCompile Include="StdAfx.cpp">
      <Filter>Source Files</Filter>
    </ClCompile>
    <ClCompile Include="TextManagementFrame.cpp">
      <Filter>Source Files</Filter>
    </ClCompile>
    <ClCompile Include="TextManagementLeftView.cpp">
      <Filter>Source Files</Filter>
    </ClCompile>
    <ClCompile Include="TextOnAirFrame.cpp">
      <Filter>Source Files</Filter>
    </ClCompile>
    <ClCompile Include="TextOnAirLeftView.cpp">
      <Filter>Source Files</Filter>
    </ClCompile>
    <ClCompile Include="..\OnAir\TimerDefinition.cpp">
      <Filter>Source Files</Filter>
    </ClCompile>
    <ClCompile Include="..\Source\TimeSpanDefinition.cpp">
      <Filter>Source Files</Filter>
    </ClCompile>
    <ClCompile Include="..\OnAir\typeLineUpItem.cpp">
      <Filter>Source Files</Filter>
    </ClCompile>
    <ClCompile Include="..\common\Source\Utils.cpp">
      <Filter>Source Files</Filter>
    </ClCompile>
    <ClCompile Include="..\Common\Source\WaveFile.cpp">
      <Filter>Source Files</Filter>
    </ClCompile>
  </ItemGroup>
  <ItemGroup>
    <ResourceCompile Include="NewsRoom.rc">
      <Filter>Source Files</Filter>
    </ResourceCompile>
  </ItemGroup>
  <ItemGroup>
    <ClInclude Include="..\Include\CartwallComponents.h">
      <Filter>Header Files</Filter>
    </ClInclude>
    <ClInclude Include="LineUpName.h">
      <Filter>Header Files</Filter>
    </ClInclude>
    <ClInclude Include="MainFrm.h">
      <Filter>Header Files</Filter>
    </ClInclude>
    <ClInclude Include="NewsLineUp.h">
      <Filter>Header Files</Filter>
    </ClInclude>
    <ClInclude Include="NewsLineUpFrame.h">
      <Filter>Header Files</Filter>
    </ClInclude>
    <ClInclude Include="NewsLineUpLeftView.h">
      <Filter>Header Files</Filter>
    </ClInclude>
    <ClInclude Include="NewsRoom.h">
      <Filter>Header Files</Filter>
    </ClInclude>
    <ClInclude Include="NewsRoomDoc.h">
      <Filter>Header Files</Filter>
    </ClInclude>
    <ClInclude Include="NewsRoomView.h">
      <Filter>Header Files</Filter>
    </ClInclude>
    <ClInclude Include="NewsText.h">
      <Filter>Header Files</Filter>
    </ClInclude>
    <ClInclude Include="Resource.h">
      <Filter>Header Files</Filter>
    </ClInclude>
    <ClInclude Include="RMLineUpFrame.h">
      <Filter>Header Files</Filter>
    </ClInclude>
    <ClInclude Include="RMLineUpLeftView.h">
      <Filter>Header Files</Filter>
    </ClInclude>
    <ClInclude Include="RMLineUpRightView.h">
      <Filter>Header Files</Filter>
    </ClInclude>
    <ClInclude Include="RMs.h">
      <Filter>Header Files</Filter>
    </ClInclude>
    <ClInclude Include="RMsManagementFrame.h">
      <Filter>Header Files</Filter>
    </ClInclude>
    <ClInclude Include="RMsManagementLeftView.h">
      <Filter>Header Files</Filter>
    </ClInclude>
    <ClInclude Include="RMsOnAirFrame.h">
      <Filter>Header Files</Filter>
    </ClInclude>
    <ClInclude Include="RMsOnAirLeftView.h">
      <Filter>Header Files</Filter>
    </ClInclude>
    <ClInclude Include="..\Include\RSCartwallDefinition.h">
      <Filter>Header Files</Filter>
    </ClInclude>
    <ClInclude Include="..\Include\RSNews.h">
      <Filter>Header Files</Filter>
    </ClInclude>
    <ClInclude Include="..\Include\RSNewsLineUpComponents.h">
      <Filter>Header Files</Filter>
    </ClInclude>
    <ClInclude Include="..\Include\RSNewsLineUpDefinition.h">
      <Filter>Header Files</Filter>
    </ClInclude>
    <ClInclude Include="..\Include\RSRms.h">
      <Filter>Header Files</Filter>
    </ClInclude>
    <ClInclude Include="..\Include\RSRMsOnAir.h">
      <Filter>Header Files</Filter>
    </ClInclude>
    <ClInclude Include="..\Include\RSTypeOfRM.h">
      <Filter>Header Files</Filter>
    </ClInclude>
    <ClInclude Include="..\Include\RSViewNews.h">
      <Filter>Header Files</Filter>
    </ClInclude>
    <ClInclude Include="..\Include\RSViewNewsLineUpTitles.h">
      <Filter>Header Files</Filter>
    </ClInclude>
    <ClInclude Include="..\Include\RSViewNewsList.h">
      <Filter>Header Files</Filter>
    </ClInclude>
    <ClInclude Include="..\Include\RSViewNewsOnAir.h">
      <Filter>Header Files</Filter>
    </ClInclude>
    <ClInclude Include="..\Include\RSViewRMFiles.h">
      <Filter>Header Files</Filter>
    </ClInclude>
    <ClInclude Include="..\Include\RSViewRms.h">
      <Filter>Header Files</Filter>
    </ClInclude>
    <ClInclude Include="..\Include\RSViewRMsOnAir.h">
      <Filter>Header Files</Filter>
    </ClInclude>
    <ClInclude Include="StdAfx.h">
      <Filter>Header Files</Filter>
    </ClInclude>
    <ClInclude Include="TextManagementFrame.h">
      <Filter>Header Files</Filter>
    </ClInclude>
    <ClInclude Include="TextManagementLeftView.h">
      <Filter>Header Files</Filter>
    </ClInclude>
    <ClInclude Include="TextOnAirFrame.h">
      <Filter>Header Files</Filter>
    </ClInclude>
    <ClInclude Include="TextOnAirLeftView.h">
      <Filter>Header Files</Filter>
    </ClInclude>
    <ClInclude Include="..\Include\TimeSpanDefinition.h">
      <Filter>Header Files</Filter>
    </ClInclude>
  </ItemGroup>
  <ItemGroup>
    <None Include="res\bitmap1.bmp">
      <Filter>Resource Files</Filter>
    </None>
    <None Include="res\Container - Comercial.bmp">
      <Filter>Resource Files</Filter>
    </None>
    <None Include="res\Container - jingles.bmp">
      <Filter>Resource Files</Filter>
    </None>
    <None Include="res\Container - Music.bmp">
      <Filter>Resource Files</Filter>
    </None>
    <None Include="res\Container - RMS.bmp">
      <Filter>Resource Files</Filter>
    </None>
    <None Include="res\Container - Voice Insert.bmp">
      <Filter>Resource Files</Filter>
    </None>
    <None Include="res\idr_main.ico">
      <Filter>Resource Files</Filter>
    </None>
    <None Include="res\NewsRoom.ico">
      <Filter>Resource Files</Filter>
    </None>
    <None Include="res\NewsRoom.rc2">
      <Filter>Resource Files</Filter>
    </None>
    <None Include="res\NewsRoomDoc.ico">
      <Filter>Resource Files</Filter>
    </None>
    <None Include="res\Pause - Big.bmp">
      <Filter>Resource Files</Filter>
    </None>
    <None Include="res\Play.bmp">
      <Filter>Resource Files</Filter>
    </None>
    <None Include="res\Rec Off.bmp">
      <Filter>Resource Files</Filter>
    </None>
    <None Include="res\Rec.bmp">
      <Filter>Resource Files</Filter>
    </None>
    <None Include="res\Stop.bmp">
      <Filter>Resource Files</Filter>
    </None>
    <None Include="res\Tool - Cartwall.bmp">
      <Filter>Resource Files</Filter>
    </None>
    <None Include="res\Tool - Cut.bmp">
      <Filter>Resource Files</Filter>
    </None>
    <None Include="res\Tool - Edit Spot.bmp">
      <Filter>Resource Files</Filter>
    </None>
    <None Include="res\Tool - Edit.bmp">
      <Filter>Resource Files</Filter>
    </None>
    <None Include="res\Tool - New News LineUp.bmp">
      <Filter>Resource Files</Filter>
    </None>
    <None Include="res\Tool - New RM.bmp">
      <Filter>Resource Files</Filter>
    </None>
    <None Include="res\Tool - New Sound.bmp">
      <Filter>Resource Files</Filter>
    </None>
    <None Include="res\TOOL - New Spot.bmp">
      <Filter>Resource Files</Filter>
    </None>
    <None Include="res\Tool - New Text.bmp">
      <Filter>Resource Files</Filter>
    </None>
    <None Include="res\Tool - New Traffic Schedule.bmp">
      <Filter>Resource Files</Filter>
    </None>
    <None Include="res\Tool - PFL.bmp">
      <Filter>Resource Files</Filter>
    </None>
    <None Include="res\TOOL - Query.bmp">
      <Filter>Resource Files</Filter>
    </None>
    <None Include="res\Tree - Cartwall.bmp">
      <Filter>Resource Files</Filter>
    </None>
    <None Include="res\Tree - Folder RM.bmp">
      <Filter>Resource Files</Filter>
    </None>
    <None Include="res\Tree - Folder Schedule.bmp">
      <Filter>Resource Files</Filter>
    </None>
    <None Include="res\Tree - Folder Spot.bmp">
      <Filter>Resource Files</Filter>
    </None>
    <None Include="res\Tree - Folder Text.bmp">
      <Filter>Resource Files</Filter>
    </None>
    <None Include="res\Tree - Jingle.bmp">
      <Filter>Resource Files</Filter>
    </None>
    <None Include="res\Tree - News LineUp.bmp">
      <Filter>Resource Files</Filter>
    </None>
    <None Include="res\Tree - Recording Task.bmp">
      <Filter>Resource Files</Filter>
    </None>
    <None Include="res\Tree - RM.bmp">
      <Filter>Resource Files</Filter>
    </None>
    <None Include="res\Tree - Schedule.bmp">
      <Filter>Resource Files</Filter>
    </None>
    <None Include="res\Tree - Sound Recording.bmp">
      <Filter>Resource Files</Filter>
    </None>
    <None Include="res\Tree - Spot.bmp">
      <Filter>Resource Files</Filter>
    </None>
    <None Include="res\Tree - Text.bmp">
      <Filter>Resource Files</Filter>
    </None>
    <None Include="res\Tree - User.bmp">
      <Filter>Resource Files</Filter>
    </None>
    <None Include="ReadMe.txt" />
    <None Include="..\Resources\Newsroom.ico">
      <Filter>Resource Files</Filter>
    </None>
  </ItemGroup>
  <ItemGroup>
    <Object Include="..\Hasp\hasp32b.obj" />
    <Object Include="..\Hasp\haspms32.obj" />
  </ItemGroup>
</Project>