<?xml version="1.0" encoding="utf-8"?>
<Project ToolsVersion="4.0" xmlns="http://schemas.microsoft.com/developer/msbuild/2003">
  <ItemGroup>
    <Filter Include="Source Files">
      <UniqueIdentifier>{4ab72bfb-624a-41a7-aeab-b397e49c8bfd}</UniqueIdentifier>
      <Extensions>cpp;c;cxx;rc;def;r;odl;idl;hpj;bat</Extensions>
    </Filter>
    <Filter Include="Header Files">
      <UniqueIdentifier>{da6d789a-8816-4ee5-b070-c8c419ec597a}</UniqueIdentifier>
      <Extensions>h;hpp;hxx;hm;inl</Extensions>
    </Filter>
    <Filter Include="Resource Files">
      <UniqueIdentifier>{d2f4300b-1b1b-4bcc-8e87-c16c0f7e36c8}</UniqueIdentifier>
      <Extensions>ico;cur;bmp;dlg;rc2;rct;bin;rgs;gif;jpg;jpeg;jpe</Extensions>
    </Filter>
  </ItemGroup>
  <ItemGroup>
    <ClCompile Include="AiredListBox.cpp">
      <Filter>Source Files</Filter>
    </ClCompile>
    <ClCompile Include="AiredWnd.cpp">
      <Filter>Source Files</Filter>
    </ClCompile>
    <ClCompile Include="..\Common\Source\AudioStream.cpp">
      <Filter>Source Files</Filter>
    </ClCompile>
    <ClCompile Include="BlocksWnd.cpp">
      <Filter>Source Files</Filter>
    </ClCompile>
    <ClCompile Include="Cart.cpp">
      <Filter>Source Files</Filter>
    </ClCompile>
    <ClCompile Include="..\Source\CartwallComponents.cpp">
      <Filter>Source Files</Filter>
    </ClCompile>
    <ClCompile Include="CartwallList.cpp">
      <Filter>Source Files</Filter>
    </ClCompile>
    <ClCompile Include="CartwallWnd.cpp">
      <Filter>Source Files</Filter>
    </ClCompile>
    <ClCompile Include="ComercialWnd.cpp">
      <Filter>Source Files</Filter>
    </ClCompile>
    <ClCompile Include="ContainerWnd.cpp">
      <Filter>Source Files</Filter>
    </ClCompile>
    <ClCompile Include="..\Source\DoubleSlider.cpp">
      <Filter>Source Files</Filter>
    </ClCompile>
    <ClCompile Include="GenericInfoWnd.cpp">
      <Filter>Source Files</Filter>
    </ClCompile>
    <ClCompile Include="InternetWnd.cpp">
      <Filter>Source Files</Filter>
    </ClCompile>
    <ClCompile Include="JinglesWnd.cpp">
      <Filter>Source Files</Filter>
    </ClCompile>
    <ClCompile Include="LineUpListBox.cpp">
      <Filter>Source Files</Filter>
    </ClCompile>
    <ClCompile Include="LineUpWnd.cpp">
      <Filter>Source Files</Filter>
    </ClCompile>
    <ClCompile Include="Logger.cpp">
      <Filter>Source Files</Filter>
    </ClCompile>
    <ClCompile Include="LogOn.cpp">
      <Filter>Source Files</Filter>
    </ClCompile>
    <ClCompile Include="LogOnBack.cpp">
      <Filter>Source Files</Filter>
    </ClCompile>
    <ClCompile Include="LogoWnd.cpp">
      <Filter>Source Files</Filter>
    </ClCompile>
    <ClCompile Include="MainClockWnd.cpp">
      <Filter>Source Files</Filter>
    </ClCompile>
    <ClCompile Include="..\Common\Source\Mp3File.cpp">
      <Filter>Source Files</Filter>
    </ClCompile>
    <ClCompile Include="MusicCategoryWnd.cpp">
      <Filter>Source Files</Filter>
    </ClCompile>
    <ClCompile Include="MusicContainerWnd.cpp">
      <Filter>Source Files</Filter>
    </ClCompile>
    <ClCompile Include="MusicInfo.cpp">
      <Filter>Source Files</Filter>
    </ClCompile>
    <ClCompile Include="MusicPlayListWnd.cpp">
      <Filter>Source Files</Filter>
    </ClCompile>
    <ClCompile Include="MusicSearchWnd.cpp">
      <Filter>Source Files</Filter>
    </ClCompile>
    <ClCompile Include="MusicWnd.cpp">
      <Filter>Source Files</Filter>
    </ClCompile>
    <ClCompile Include="NewCartwall.cpp">
      <Filter>Source Files</Filter>
    </ClCompile>
    <ClCompile Include="OnAir.cpp">
      <Filter>Source Files</Filter>
    </ClCompile>
    <ClCompile Include="OnAirDefines.cpp">
      <Filter>Source Files</Filter>
    </ClCompile>
    <ClCompile Include="OnAirDropTarget.cpp">
      <Filter>Source Files</Filter>
    </ClCompile>
    <ClCompile Include="OnAirHtml.cpp">
      <Filter>Source Files</Filter>
    </ClCompile>
    <ClCompile Include="OnAirListBox.cpp">
      <Filter>Source Files</Filter>
    </ClCompile>
    <ClCompile Include="OnAirPlayerWnd.cpp">
      <Filter>Source Files</Filter>
    </ClCompile>
    <ClCompile Include="OnAirToolBarCtrl.cpp">
      <Filter>Source Files</Filter>
    </ClCompile>
    <ClCompile Include="OnAirUtils.cpp">
      <Filter>Source Files</Filter>
    </ClCompile>
    <ClCompile Include="OnAirWnd.cpp">
      <Filter>Source Files</Filter>
    </ClCompile>
    <ClCompile Include="OpenCartwall.cpp">
      <Filter>Source Files</Filter>
    </ClCompile>
    <ClCompile Include="..\Common\Source\Permissions.cpp">
      <Filter>Source Files</Filter>
    </ClCompile>
    <ClCompile Include="PFLWnd.cpp">
      <Filter>Source Files</Filter>
    </ClCompile>
    <ClCompile Include="PlayerButton.cpp">
      <Filter>Source Files</Filter>
    </ClCompile>
    <ClCompile Include="PlayerOptionsWnd.cpp">
      <Filter>Source Files</Filter>
    </ClCompile>
    <ClCompile Include="ProducerMusicEditing.cpp">
      <Filter>Source Files</Filter>
    </ClCompile>
    <ClCompile Include="ProducerMusicMain.cpp">
      <Filter>Source Files</Filter>
    </ClCompile>
    <ClCompile Include="ProducerScheduler.cpp">
      <Filter>Source Files</Filter>
    </ClCompile>
    <ClCompile Include="ProducerWnd.cpp">
      <Filter>Source Files</Filter>
    </ClCompile>
    <ClCompile Include="ProgInfoWnd.cpp">
      <Filter>Source Files</Filter>
    </ClCompile>
    <ClCompile Include="Recorder.cpp">
      <Filter>Source Files</Filter>
    </ClCompile>
    <ClCompile Include="RMsWnd.cpp">
      <Filter>Source Files</Filter>
    </ClCompile>
    <ClCompile Include="..\Source\RSArtists.cpp">
      <Filter>Source Files</Filter>
    </ClCompile>
    <ClCompile Include="..\Source\RSBlocksComposition.cpp">
      <Filter>Source Files</Filter>
    </ClCompile>
    <ClCompile Include="..\Source\RSBlocksDefinition.cpp">
      <Filter>Source Files</Filter>
    </ClCompile>
    <ClCompile Include="..\Source\RSCartwallDefinition.cpp">
      <Filter>Source Files</Filter>
    </ClCompile>
    <ClCompile Include="..\Source\RSCategories.cpp">
      <Filter>Source Files</Filter>
    </ClCompile>
    <ClCompile Include="..\Common\Source\rscomputers.cpp">
      <Filter>Source Files</Filter>
    </ClCompile>
    <ClCompile Include="..\Source\RSExpressions.cpp">
      <Filter>Source Files</Filter>
    </ClCompile>
    <ClCompile Include="..\Source\RSMusicTracks.cpp">
      <Filter>Source Files</Filter>
    </ClCompile>
    <ClCompile Include="..\Source\RSNationalities.cpp">
      <Filter>Source Files</Filter>
    </ClCompile>
    <ClCompile Include="..\Source\RSOnAirLog.cpp">
      <Filter>Source Files</Filter>
    </ClCompile>
    <ClCompile Include="..\Source\RSOnAirUsers.cpp">
      <Filter>Source Files</Filter>
    </ClCompile>
    <ClCompile Include="..\Source\RSPath.cpp">
      <Filter>Source Files</Filter>
    </ClCompile>
    <ClCompile Include="..\Source\RSPlayListsDefinition.cpp">
      <Filter>Source Files</Filter>
    </ClCompile>
    <ClCompile Include="..\Source\RSRadioStations.cpp">
      <Filter>Source Files</Filter>
    </ClCompile>
    <ClCompile Include="RSRecord.cpp">
      <Filter>Source Files</Filter>
    </ClCompile>
    <ClCompile Include="..\Source\RSRecordingTasks.cpp">
      <Filter>Source Files</Filter>
    </ClCompile>
    <ClCompile Include="..\Source\RSRecordingVersion.cpp">
      <Filter>Source Files</Filter>
    </ClCompile>
    <ClCompile Include="..\Source\RSRecordLabel.cpp">
      <Filter>Source Files</Filter>
    </ClCompile>
    <ClCompile Include="..\Source\RSSchedule.cpp">
      <Filter>Source Files</Filter>
    </ClCompile>
    <ClCompile Include="..\Source\RSScheduleHeadline.cpp">
      <Filter>Source Files</Filter>
    </ClCompile>
    <ClCompile Include="..\Common\Source\rssystemusers.cpp">
      <Filter>Source Files</Filter>
    </ClCompile>
    <ClCompile Include="..\Source\RSViewArtistFull.cpp">
      <Filter>Source Files</Filter>
    </ClCompile>
    <ClCompile Include="..\Source\RSViewBumpedTraffic.cpp">
      <Filter>Source Files</Filter>
    </ClCompile>
    <ClCompile Include="..\Common\Source\RSViewInstrumentals.cpp">
      <Filter>Source Files</Filter>
    </ClCompile>
    <ClCompile Include="RSViewJinglesDataOnAir.cpp">
      <Filter>Source Files</Filter>
    </ClCompile>
    <ClCompile Include="RSViewJinglesOnAir.cpp">
      <Filter>Source Files</Filter>
    </ClCompile>
    <ClCompile Include="RSViewMusicDataPlaying.cpp">
      <Filter>Source Files</Filter>
    </ClCompile>
    <ClCompile Include="..\Source\RSViewMusicFiles.cpp">
      <Filter>Source Files</Filter>
    </ClCompile>
    <ClCompile Include="RSViewMusicTracksOnAir.cpp">
      <Filter>Source Files</Filter>
    </ClCompile>
    <ClCompile Include="RSViewOnAirSponsors.cpp">
      <Filter>Source Files</Filter>
    </ClCompile>
    <ClCompile Include="..\Source\RSViewRecordings.cpp">
      <Filter>Source Files</Filter>
    </ClCompile>
    <ClCompile Include="..\Source\RSViewRms.cpp">
      <Filter>Source Files</Filter>
    </ClCompile>
    <ClCompile Include="..\Source\RSViewRMsOnAir.cpp">
      <Filter>Source Files</Filter>
    </ClCompile>
    <ClCompile Include="..\Source\RSViewSchedule.cpp">
      <Filter>Source Files</Filter>
    </ClCompile>
    <ClCompile Include="RSViewSpotOnAirData.cpp">
      <Filter>Source Files</Filter>
    </ClCompile>
    <ClCompile Include="..\Source\RSViewTimeSignal.cpp">
      <Filter>Source Files</Filter>
    </ClCompile>
    <ClCompile Include="..\Source\RSViewTraffic.cpp">
      <Filter>Source Files</Filter>
    </ClCompile>
    <ClCompile Include="..\Source\RSViewVoiceInsert.cpp">
      <Filter>Source Files</Filter>
    </ClCompile>
    <ClCompile Include="RSViewVoiceInsertOnAir.cpp">
      <Filter>Source Files</Filter>
    </ClCompile>
    <ClCompile Include="..\Source\RSVoiceInsert.cpp">
      <Filter>Source Files</Filter>
    </ClCompile>
    <ClCompile Include="RythmSelector.cpp">
      <Filter>Source Files</Filter>
    </ClCompile>
    <ClCompile Include="..\Scheduler\Schedule.cpp">
      <Filter>Source Files</Filter>
    </ClCompile>
    <ClCompile Include="SchedulerListBox.cpp">
      <Filter>Source Files</Filter>
    </ClCompile>
    <ClCompile Include="SoundRecorderSelector.cpp">
      <Filter>Source Files</Filter>
    </ClCompile>
    <ClCompile Include="SoundRecorderWnd.cpp">
      <Filter>Source Files</Filter>
    </ClCompile>
    <ClCompile Include="..\Common\Source\splitter_utils.cpp">
      <Filter>Source Files</Filter>
    </ClCompile>
    <ClCompile Include="SponsorsWnd.cpp">
      <Filter>Source Files</Filter>
    </ClCompile>
    <ClCompile Include="StatusWnd.cpp">
      <Filter>Source Files</Filter>
    </ClCompile>
    <ClCompile Include="StdAfx.cpp">
      <Filter>Source Files</Filter>
    </ClCompile>
    <ClCompile Include="TimerDefinition.cpp">
      <Filter>Source Files</Filter>
    </ClCompile>
    <ClCompile Include="TrafficBumpedWnd.cpp">
      <Filter>Source Files</Filter>
    </ClCompile>
    <ClCompile Include="TrafficInfoWnd.cpp">
      <Filter>Source Files</Filter>
    </ClCompile>
    <ClCompile Include="typeLineUpItem.cpp">
      <Filter>Source Files</Filter>
    </ClCompile>
    <ClCompile Include="..\common\Source\Utils.cpp">
      <Filter>Source Files</Filter>
    </ClCompile>
    <ClCompile Include="VoiceInsertRecorder.cpp">
      <Filter>Source Files</Filter>
    </ClCompile>
    <ClCompile Include="VoiceInsertWnd.cpp">
      <Filter>Source Files</Filter>
    </ClCompile>
    <ClCompile Include="VolumeSlider.cpp">
      <Filter>Source Files</Filter>
    </ClCompile>
    <ClCompile Include="..\Common\Source\WaveFile.cpp">
      <Filter>Source Files</Filter>
    </ClCompile>
    <ClCompile Include="WndVU.cpp">
      <Filter>Source Files</Filter>
    </ClCompile>
    <ClCompile Include="..\Common\BroadcasterMixer\BroadcasterMixer.cpp">
      <Filter>Source Files</Filter>
    </ClCompile>
  </ItemGroup>
  <ItemGroup>
    <ResourceCompile Include="OnAir.rc">
      <Filter>Source Files</Filter>
    </ResourceCompile>
  </ItemGroup>
  <ItemGroup>
    <ClInclude Include="AiredListBox.h">
      <Filter>Header Files</Filter>
    </ClInclude>
    <ClInclude Include="AiredWnd.h">
      <Filter>Header Files</Filter>
    </ClInclude>
    <ClInclude Include="BlocksWnd.h">
      <Filter>Header Files</Filter>
    </ClInclude>
    <ClInclude Include="Cart.h">
      <Filter>Header Files</Filter>
    </ClInclude>
    <ClInclude Include="CartwallList.h">
      <Filter>Header Files</Filter>
    </ClInclude>
    <ClInclude Include="CartwallWnd.h">
      <Filter>Header Files</Filter>
    </ClInclude>
    <ClInclude Include="ComercialWnd.h">
      <Filter>Header Files</Filter>
    </ClInclude>
    <ClInclude Include="..\Include\ConstantDefenition.h">
      <Filter>Header Files</Filter>
    </ClInclude>
    <ClInclude Include="ContainerWnd.h">
      <Filter>Header Files</Filter>
    </ClInclude>
    <ClInclude Include="..\Include\DoubleSlider.h">
      <Filter>Header Files</Filter>
    </ClInclude>
    <ClInclude Include="ExternalObjects.h">
      <Filter>Header Files</Filter>
    </ClInclude>
    <ClInclude Include="GenericInfoWnd.h">
      <Filter>Header Files</Filter>
    </ClInclude>
    <ClInclude Include="..\Include\haspcode.h">
      <Filter>Header Files</Filter>
    </ClInclude>
    <ClInclude Include="InternetWnd.h">
      <Filter>Header Files</Filter>
    </ClInclude>
    <ClInclude Include="JinglesWnd.h">
      <Filter>Header Files</Filter>
    </ClInclude>
    <ClInclude Include="LineUpListBox.h">
      <Filter>Header Files</Filter>
    </ClInclude>
    <ClInclude Include="LineUpWnd.h">
      <Filter>Header Files</Filter>
    </ClInclude>
    <ClInclude Include="Logger.h">
      <Filter>Header Files</Filter>
    </ClInclude>
    <ClInclude Include="LogOn.h">
      <Filter>Header Files</Filter>
    </ClInclude>
    <ClInclude Include="LogOnBack.h">
      <Filter>Header Files</Filter>
    </ClInclude>
    <ClInclude Include="LogoWnd.h">
      <Filter>Header Files</Filter>
    </ClInclude>
    <ClInclude Include="MainClockWnd.h">
      <Filter>Header Files</Filter>
    </ClInclude>
    <ClInclude Include="MusicCategoryWnd.h">
      <Filter>Header Files</Filter>
    </ClInclude>
    <ClInclude Include="MusicContainerWnd.h">
      <Filter>Header Files</Filter>
    </ClInclude>
    <ClInclude Include="MusicInfo.h">
      <Filter>Header Files</Filter>
    </ClInclude>
    <ClInclude Include="MusicPlayListWnd.h">
      <Filter>Header Files</Filter>
    </ClInclude>
    <ClInclude Include="MusicSearchWnd.h">
      <Filter>Header Files</Filter>
    </ClInclude>
    <ClInclude Include="MusicWnd.h">
      <Filter>Header Files</Filter>
    </ClInclude>
    <ClInclude Include="NewCartwall.h">
      <Filter>Header Files</Filter>
    </ClInclude>
    <ClInclude Include="OnAir.h">
      <Filter>Header Files</Filter>
    </ClInclude>
    <ClInclude Include="OnAirDefines.h">
      <Filter>Header Files</Filter>
    </ClInclude>
    <ClInclude Include="OnAirDropTarget.h">
      <Filter>Header Files</Filter>
    </ClInclude>
    <ClInclude Include="OnAirHtml.h">
      <Filter>Header Files</Filter>
    </ClInclude>
    <ClInclude Include="OnAirListBox.h">
      <Filter>Header Files</Filter>
    </ClInclude>
    <ClInclude Include="OnAirPlayerWnd.h">
      <Filter>Header Files</Filter>
    </ClInclude>
    <ClInclude Include="OnAirToolBarCtrl.h">
      <Filter>Header Files</Filter>
    </ClInclude>
    <ClInclude Include="OnAirUtils.h">
      <Filter>Header Files</Filter>
    </ClInclude>
    <ClInclude Include="OnAirWnd.h">
      <Filter>Header Files</Filter>
    </ClInclude>
    <ClInclude Include="OpenCartwall.h">
      <Filter>Header Files</Filter>
    </ClInclude>
    <ClInclude Include="PFLWnd.h">
      <Filter>Header Files</Filter>
    </ClInclude>
    <ClInclude Include="PlayerButton.h">
      <Filter>Header Files</Filter>
    </ClInclude>
    <ClInclude Include="PlayerOptionsWnd.h">
      <Filter>Header Files</Filter>
    </ClInclude>
    <ClInclude Include="ProducerMusicEditing.h">
      <Filter>Header Files</Filter>
    </ClInclude>
    <ClInclude Include="ProducerMusicMain.h">
      <Filter>Header Files</Filter>
    </ClInclude>
    <ClInclude Include="ProducerScheduler.h">
      <Filter>Header Files</Filter>
    </ClInclude>
    <ClInclude Include="ProducerWnd.h">
      <Filter>Header Files</Filter>
    </ClInclude>
    <ClInclude Include="ProgInfoWnd.h">
      <Filter>Header Files</Filter>
    </ClInclude>
    <ClInclude Include="Recorder.h">
      <Filter>Header Files</Filter>
    </ClInclude>
    <ClInclude Include="Resource.h">
      <Filter>Header Files</Filter>
    </ClInclude>
    <ClInclude Include="RMsWnd.h">
      <Filter>Header Files</Filter>
    </ClInclude>
    <ClInclude Include="..\Include\RSArtists.h">
      <Filter>Header Files</Filter>
    </ClInclude>
    <ClInclude Include="..\Include\RSBlocksComposition.h">
      <Filter>Header Files</Filter>
    </ClInclude>
    <ClInclude Include="..\Include\RSBlocksDefinition.h">
      <Filter>Header Files</Filter>
    </ClInclude>
    <ClInclude Include="..\Include\RSCategories.h">
      <Filter>Header Files</Filter>
    </ClInclude>
    <ClInclude Include="..\Include\RSExpressions.h">
      <Filter>Header Files</Filter>
    </ClInclude>
    <ClInclude Include="..\Include\RSMusicTracks.h">
      <Filter>Header Files</Filter>
    </ClInclude>
    <ClInclude Include="..\Include\RSOnAirLog.h">
      <Filter>Header Files</Filter>
    </ClInclude>
    <ClInclude Include="..\Include\RSPath.h">
      <Filter>Header Files</Filter>
    </ClInclude>
    <ClInclude Include="..\Include\RSPlayListsDefinition.h">
      <Filter>Header Files</Filter>
    </ClInclude>
    <ClInclude Include="RSRecord.h">
      <Filter>Header Files</Filter>
    </ClInclude>
    <ClInclude Include="..\Include\RSRecordingTasks.h">
      <Filter>Header Files</Filter>
    </ClInclude>
    <ClInclude Include="..\Include\RSRecordLabel.h">
      <Filter>Header Files</Filter>
    </ClInclude>
    <ClInclude Include="..\Include\RSSchedule.h">
      <Filter>Header Files</Filter>
    </ClInclude>
    <ClInclude Include="..\Include\RSScheduleHeadline.h">
      <Filter>Header Files</Filter>
    </ClInclude>
    <ClInclude Include="..\Include\RSViewBumpedTraffic.h">
      <Filter>Header Files</Filter>
    </ClInclude>
    <ClInclude Include="RSViewJinglesDataOnAir.h">
      <Filter>Header Files</Filter>
    </ClInclude>
    <ClInclude Include="RSViewJinglesOnAir.h">
      <Filter>Header Files</Filter>
    </ClInclude>
    <ClInclude Include="RSViewMusicDataPlaying.h">
      <Filter>Header Files</Filter>
    </ClInclude>
    <ClInclude Include="..\Include\RSViewMusicFiles.h">
      <Filter>Header Files</Filter>
    </ClInclude>
    <ClInclude Include="RSViewMusicTracksOnAir.h">
      <Filter>Header Files</Filter>
    </ClInclude>
    <ClInclude Include="RSViewOnAirSponsors.h">
      <Filter>Header Files</Filter>
    </ClInclude>
    <ClInclude Include="..\Include\RSViewRecordings.h">
      <Filter>Header Files</Filter>
    </ClInclude>
    <ClInclude Include="RSViewSpotOnAirData.h">
      <Filter>Header Files</Filter>
    </ClInclude>
    <ClInclude Include="..\Include\RSViewTraffic.h">
      <Filter>Header Files</Filter>
    </ClInclude>
    <ClInclude Include="RSViewVoiceInsertOnAir.h">
      <Filter>Header Files</Filter>
    </ClInclude>
    <ClInclude Include="RythmSelector.h">
      <Filter>Header Files</Filter>
    </ClInclude>
    <ClInclude Include="SchedulerListBox.h">
      <Filter>Header Files</Filter>
    </ClInclude>
    <ClInclude Include="SoundRecorderSelector.h">
      <Filter>Header Files</Filter>
    </ClInclude>
    <ClInclude Include="SoundRecorderWnd.h">
      <Filter>Header Files</Filter>
    </ClInclude>
    <ClInclude Include="SponsorsWnd.h">
      <Filter>Header Files</Filter>
    </ClInclude>
    <ClInclude Include="StatusWnd.h">
      <Filter>Header Files</Filter>
    </ClInclude>
    <ClInclude Include="StdAfx.h">
      <Filter>Header Files</Filter>
    </ClInclude>
    <ClInclude Include="TimerDefinition.h">
      <Filter>Header Files</Filter>
    </ClInclude>
    <ClInclude Include="TrafficBumpedWnd.h">
      <Filter>Header Files</Filter>
    </ClInclude>
    <ClInclude Include="TrafficInfoWnd.h">
      <Filter>Header Files</Filter>
    </ClInclude>
    <ClInclude Include="typeLineUpItem.h">
      <Filter>Header Files</Filter>
    </ClInclude>
    <ClInclude Include="..\Include\Utils.h">
      <Filter>Header Files</Filter>
    </ClInclude>
    <ClInclude Include="VoiceInsertRecorder.h">
      <Filter>Header Files</Filter>
    </ClInclude>
    <ClInclude Include="VoiceInsertWnd.h">
      <Filter>Header Files</Filter>
    </ClInclude>
    <ClInclude Include="VolumeSlider.h">
      <Filter>Header Files</Filter>
    </ClInclude>
    <ClInclude Include="WndVU.h">
      <Filter>Header Files</Filter>
    </ClInclude>
    <ClInclude Include="..\Common\Include\AudioStream.h">
      <Filter>Header Files</Filter>
    </ClInclude>
    <ClInclude Include="..\Common\Include\defines.h">
      <Filter>Header Files</Filter>
    </ClInclude>
    <ClInclude Include="..\Common\Include\Global.h">
      <Filter>Header Files</Filter>
    </ClInclude>
    <ClInclude Include="..\Common\Include\utils.h">
      <Filter>Header Files</Filter>
    </ClInclude>
    <ClInclude Include="..\Common\Include\HtmlInfo.h">
      <Filter>Header Files</Filter>
    </ClInclude>
    <ClInclude Include="..\Common\Include\Mp3File.h">
      <Filter>Header Files</Filter>
    </ClInclude>
    <ClInclude Include="..\Include\SoundManager.h">
      <Filter>Header Files</Filter>
    </ClInclude>
    <ClInclude Include="..\Common\Include\DRMHtml.h">
      <Filter>Header Files</Filter>
    </ClInclude>
    <ClInclude Include="..\Common\Include\DRMDropTarget.h">
      <Filter>Header Files</Filter>
    </ClInclude>
    <ClInclude Include="..\Include\StreamingSound.h">
      <Filter>Header Files</Filter>
    </ClInclude>
    <ClInclude Include="..\Include\SoundUtils.h">
      <Filter>Header Files</Filter>
    </ClInclude>
    <ClInclude Include="..\Include\Sound.h">
      <Filter>Header Files</Filter>
    </ClInclude>
    <ClInclude Include="..\Include\RSRecordingVersion.h">
      <Filter>Header Files</Filter>
    </ClInclude>
    <ClInclude Include="..\Include\RSViewArtistFull.h">
      <Filter>Header Files</Filter>
    </ClInclude>
    <ClInclude Include="..\Include\RSViewTimeSignal.h">
      <Filter>Header Files</Filter>
    </ClInclude>
    <ClInclude Include="..\Hasp\hasp.h">
      <Filter>Header Files</Filter>
    </ClInclude>
    <ClInclude Include="..\InStoreMedia\resource.h">
      <Filter>Header Files</Filter>
    </ClInclude>
    <ClInclude Include="..\Hasp\haspapi.h">
      <Filter>Header Files</Filter>
    </ClInclude>
    <ClInclude Include="..\Hasp\haspconf.h">
      <Filter>Header Files</Filter>
    </ClInclude>
    <ClInclude Include="..\Hasp\olddefs.h">
      <Filter>Header Files</Filter>
    </ClInclude>
    <ClInclude Include="..\Common\BroadcasterMixer\BroadcasterMixer.h">
      <Filter>Header Files</Filter>
    </ClInclude>
  </ItemGroup>
  <ItemGroup>
    <None Include="res\arrow.cur">
      <Filter>Resource Files</Filter>
    </None>
    <None Include="res\Automatic.bmp">
      <Filter>Resource Files</Filter>
    </None>
    <None Include="res\Back.bmp">
      <Filter>Resource Files</Filter>
    </None>
    <None Include="res\bitmap1.bmp">
      <Filter>Resource Files</Filter>
    </None>
    <None Include="res\Container - Aired.bmp">
      <Filter>Resource Files</Filter>
    </None>
    <None Include="res\Container - Blocks.bmp">
      <Filter>Resource Files</Filter>
    </None>
    <None Include="res\Container - Bumped.bmp">
      <Filter>Resource Files</Filter>
    </None>
    <None Include="res\Container - CARTWALL.bmp">
      <Filter>Resource Files</Filter>
    </None>
    <None Include="res\Container - Comercial.bmp">
      <Filter>Resource Files</Filter>
    </None>
    <None Include="res\Container - Internet.bmp">
      <Filter>Resource Files</Filter>
    </None>
    <None Include="res\Container - jingles.bmp">
      <Filter>Resource Files</Filter>
    </None>
    <None Include="res\Container - LineUp.bmp">
      <Filter>Resource Files</Filter>
    </None>
    <None Include="res\Container - Music Folder.bmp">
      <Filter>Resource Files</Filter>
    </None>
    <None Include="res\Container - Music Search.bmp">
      <Filter>Resource Files</Filter>
    </None>
    <None Include="res\Container - Music.bmp">
      <Filter>Resource Files</Filter>
    </None>
    <None Include="res\Container - Producer.bmp">
      <Filter>Resource Files</Filter>
    </None>
    <None Include="res\Container - RMS.bmp">
      <Filter>Resource Files</Filter>
    </None>
    <None Include="res\Container - Scheduling.bmp">
      <Filter>Resource Files</Filter>
    </None>
    <None Include="res\Container - Voice Insert.bmp">
      <Filter>Resource Files</Filter>
    </None>
    <None Include="res\Cue.bmp">
      <Filter>Resource Files</Filter>
    </None>
    <None Include="res\CUT.bmp">
      <Filter>Resource Files</Filter>
    </None>
    <None Include="res\Discard.bmp">
      <Filter>Resource Files</Filter>
    </None>
    <None Include="res\Exit.bmp">
      <Filter>Resource Files</Filter>
    </None>
    <None Include="res\Folder-Music.bmp">
      <Filter>Resource Files</Filter>
    </None>
    <None Include="res\Foward.bmp">
      <Filter>Resource Files</Filter>
    </None>
    <None Include="res\Garbage.bmp">
      <Filter>Resource Files</Filter>
    </None>
    <None Include="res\Info-Hot.bmp">
      <Filter>Resource Files</Filter>
    </None>
    <None Include="res\Info.bmp">
      <Filter>Resource Files</Filter>
    </None>
    <None Include="res\Jingle.bmp">
      <Filter>Resource Files</Filter>
    </None>
    <None Include="res\Live-Assist.bmp">
      <Filter>Resource Files</Filter>
    </None>
    <None Include="res\load.bmp">
      <Filter>Resource Files</Filter>
    </None>
    <None Include="res\logo-back.bmp">
      <Filter>Resource Files</Filter>
    </None>
    <None Include="res\logo-radio.bmp">
      <Filter>Resource Files</Filter>
    </None>
    <None Include="res\Logo-top.bmp">
      <Filter>Resource Files</Filter>
    </None>
    <None Include="res\Logo.bmp">
      <Filter>Resource Files</Filter>
    </None>
    <None Include="res\loop.bmp">
      <Filter>Resource Files</Filter>
    </None>
    <None Include="res\loopgray.bmp">
      <Filter>Resource Files</Filter>
    </None>
    <None Include="res\Manual.bmp">
      <Filter>Resource Files</Filter>
    </None>
    <None Include="res\Mix.bmp">
      <Filter>Resource Files</Filter>
    </None>
    <None Include="res\MoveDown-Hot.bmp">
      <Filter>Resource Files</Filter>
    </None>
    <None Include="res\MoveDown.bmp">
      <Filter>Resource Files</Filter>
    </None>
    <None Include="res\MoveUp-Hot.bmp">
      <Filter>Resource Files</Filter>
    </None>
    <None Include="res\MoveUp.bmp">
      <Filter>Resource Files</Filter>
    </None>
    <None Include="res\Music.bmp">
      <Filter>Resource Files</Filter>
    </None>
    <None Include="res\New Scheduling.bmp">
      <Filter>Resource Files</Filter>
    </None>
    <None Include="res\New Sound.bmp">
      <Filter>Resource Files</Filter>
    </None>
    <None Include="res\new.bmp">
      <Filter>Resource Files</Filter>
    </None>
    <None Include="res\OnAir.ico">
      <Filter>Resource Files</Filter>
    </None>
    <None Include="res\OnAir.rc2">
      <Filter>Resource Files</Filter>
    </None>
    <None Include="res\OnAirDoc.ico">
      <Filter>Resource Files</Filter>
    </None>
    <None Include="res\Pause - Big.bmp">
      <Filter>Resource Files</Filter>
    </None>
    <None Include="res\Pause - Off.bmp">
      <Filter>Resource Files</Filter>
    </None>
    <None Include="res\Pause - On.bmp">
      <Filter>Resource Files</Filter>
    </None>
    <None Include="res\PFL.bmp">
      <Filter>Resource Files</Filter>
    </None>
    <None Include="res\Play.bmp">
      <Filter>Resource Files</Filter>
    </None>
    <None Include="res\Rec Off.bmp">
      <Filter>Resource Files</Filter>
    </None>
    <None Include="res\Rec.bmp">
      <Filter>Resource Files</Filter>
    </None>
    <None Include="res\refresh-hot.bmp">
      <Filter>Resource Files</Filter>
    </None>
    <None Include="res\refresh.BMP">
      <Filter>Resource Files</Filter>
    </None>
    <None Include="res\save.bmp">
      <Filter>Resource Files</Filter>
    </None>
    <None Include="res\sortasc1.bmp">
      <Filter>Resource Files</Filter>
    </None>
    <None Include="res\Spot.bmp">
      <Filter>Resource Files</Filter>
    </None>
    <None Include="res\Stop.bmp">
      <Filter>Resource Files</Filter>
    </None>
    <None Include="res\Thumb-Volume.bmp">
      <Filter>Resource Files</Filter>
    </None>
    <None Include="res\TimeSignal.bmp">
      <Filter>Resource Files</Filter>
    </None>
    <None Include="res\Tool - Edit.bmp">
      <Filter>Resource Files</Filter>
    </None>
    <None Include="res\Tool - Lock.bmp">
      <Filter>Resource Files</Filter>
    </None>
    <None Include="res\TOOL - Query.bmp">
      <Filter>Resource Files</Filter>
    </None>
    <None Include="res\Toolbar.bmp">
      <Filter>Resource Files</Filter>
    </None>
    <None Include="res\Tree - Lock.bmp">
      <Filter>Resource Files</Filter>
    </None>
    <None Include="res\UnCue.bmp">
      <Filter>Resource Files</Filter>
    </None>
    <None Include="res\Voice Insert.bmp">
      <Filter>Resource Files</Filter>
    </None>
    <None Include="ReadMe.txt" />
    <None Include="..\Resources\Automatic.bmp">
      <Filter>Resource Files</Filter>
    </None>
    <None Include="..\Resources\Cue.bmp">
      <Filter>Resource Files</Filter>
    </None>
    <None Include="..\Resources\Live-Assist.bmp">
      <Filter>Resource Files</Filter>
    </None>
    <None Include="..\Resources\logo-radio.bmp">
      <Filter>Resource Files</Filter>
    </None>
    <None Include="..\Resources\Manual.bmp">
      <Filter>Resource Files</Filter>
    </None>
    <None Include="..\Resources\Mix.bmp">
      <Filter>Resource Files</Filter>
    </None>
    <None Include="..\Resources\OnAir.ico">
      <Filter>Resource Files</Filter>
    </None>
    <None Include="..\Resources\Play.bmp">
      <Filter>Resource Files</Filter>
    </None>
    <None Include="..\Resources\Stop.bmp">
      <Filter>Resource Files</Filter>
    </None>
    <None Include="..\Resources\UnCue.bmp">
      <Filter>Resource Files</Filter>
    </None>
    <None Include="ClassDiagram1.cd" />
  </ItemGroup>
  <ItemGroup>
    <Object Include="..\Hasp\hasp32b.obj" />
    <Object Include="..\Hasp\haspms32.obj" />
  </ItemGroup>
</Project>