Microsoft Visual Studio Solution File, Format Version 11.00
# Visual Studio 2010
Project("{2150E333-8FDC-42A3-9474-1A3956D46DE8}") = "Solution Items", "Solution Items", "{B4223BB5-AA19-45BB-B5D0-422EC100DB55}"
	ProjectSection(SolutionItems) = preProject
		Broadcaster2006.vsd = Broadcaster2006.vsd
		DXSDK_DEBUG.props = DXSDK_DEBUG.props
		DXSDK_RELEASE.props = DXSDK_RELEASE.props
		SolutionConfiguration.txt = SolutionConfiguration.txt
	EndProjectSection
EndProject
Project("{2150E333-8FDC-42A3-9474-1A3956D46DE8}") = "Deplyment", "Deplyment", "{76C27263-8544-4588-890E-3F8B06920C2F}"
EndProject
Project("{8BC9CEB8-8B4A-11D0-8D11-00A0C91BC942}") = "Discography", "Discography\Discography.vcxproj", "{E129D639-F688-4C4B-96B3-A03870DD63FE}"
EndProject
Project("{8BC9CEB8-8B4A-11D0-8D11-00A0C91BC942}") = "BroadcasterMusic", "BroadcasterMusic\BroadcasterMusic.vcxproj", "{8F003C66-D344-4B81-A9B3-CAF4E1CD0B65}"
EndProject
Project("{8BC9CEB8-8B4A-11D0-8D11-00A0C91BC942}") = "OnAir", "OnAir\OnAir.vcxproj", "{D822E21F-0E6A-444F-8852-B84884800B19}"
EndProject
Project("{8BC9CEB8-8B4A-11D0-8D11-00A0C91BC942}") = "Config", "Config\Config.vcxproj", "{344EEB09-9BDA-43DA-9261-8977431A9CDF}"
EndProject
Project("{8BC9CEB8-8B4A-11D0-8D11-00A0C91BC942}") = "Manager", "Manager\Manager.vcxproj", "{A754DDB0-41A7-401D-955E-7113831BFDE9}"
EndProject
Project("{8BC9CEB8-8B4A-11D0-8D11-00A0C91BC942}") = "NewsRoom", "NewsRoom\NewsRoom.vcxproj", "{77CBFBCC-1BE9-4C8D-AEA0-39B0A017FA6C}"
EndProject
Project("{8BC9CEB8-8B4A-11D0-8D11-00A0C91BC942}") = "OnAirManagement", "OnAirManagement\OnAirManagement.vcxproj", "{225A516D-4C88-42FD-9DC2-3027832F2E5E}"
EndProject
Project("{8BC9CEB8-8B4A-11D0-8D11-00A0C91BC942}") = "Scheduler", "Scheduler\Scheduler.vcxproj", "{ECEEB1E8-EFA0-4EDB-A298-0DD1D1EC1114}"
EndProject
Project("{8BC9CEB8-8B4A-11D0-8D11-00A0C91BC942}") = "Traffic", "Traffic\Traffic.vcxproj", "{82AE35F3-CE6D-4C44-80B8-033DE0C7748B}"
EndProject
Project("{8BC9CEB8-8B4A-11D0-8D11-00A0C91BC942}") = "ConvertAudioFolder", "ConvertAudioFolder\ConvertAudioFolder.vcxproj", "{6233AC9D-F496-4B0A-A34D-9BB2DBB27A83}"
EndProject
Project("{54435603-DBB4-11D2-8724-00A0C9A8B90C}") = "Broadcaster2006", "Broadcaster2006\Broadcaster2006.vdproj", "{FC5CD2F1-1CDF-4FF5-BDDC-EBB7BA305A53}"
EndProject
Project("{8BC9CEB8-8B4A-11D0-8D11-00A0C91BC942}") = "OnAir_Slave", "OnAir_Slave\OnAir_Slave.vcxproj", "{755EE30B-0C56-4219-ADD8-C098D1E1FFBB}"
EndProject
Project("{8BC9CEB8-8B4A-11D0-8D11-00A0C91BC942}") = "AudioChecker", "AudioChecker\AudioChecker.vcxproj", "{DD3A1882-07E4-400F-92AD-350DEA950FF5}"
EndProject
Project("{8BC9CEB8-8B4A-11D0-8D11-00A0C91BC942}") = "Conversao", "Conversao\Conversao.vcxproj", "{C41B049A-84B0-499B-962B-A541F012661E}"
EndProject
Project("{FAE04EC0-301F-11D3-BF4B-00C04F79EFBC}") = "broadcasternet", "broadcasternet\broadcasternet.csproj", "{F9EC15F2-6190-4ADE-B68C-7A1184080357}"
EndProject
Project("{FAE04EC0-301F-11D3-BF4B-00C04F79EFBC}") = "BroadcasterSrvc", "BroadcasterSrvc\BroadcasterSrvc.csproj", "{19DE66CC-A43E-453F-96D3-080710071F5A}"
EndProject
Project("{54435603-DBB4-11D2-8724-00A0C9A8B90C}") = "WebServices", "WebServices\WebServices.vdproj", "{C738A379-D2BC-42DA-8F84-331AC53D153E}"
EndProject
Project("{E24C65DC-7377-472B-9ABA-BC803B73C61A}") = "DigitalBroadcaster", "DigitalBroadcaster", "{DF73E85F-1616-44BD-BEF4-73AF54432C89}"
	ProjectSection(WebsiteProperties) = preProject
		SccProjectName = "SAK"
		SccAuxPath = "SAK"
		SccLocalPath = "SAK"
		SccProvider = "SAK"
		TargetFrameworkMoniker = ".NETFramework,Version%3Dv3.5"
		Debug.AspNetCompiler.VirtualPath = "/DigitalBroadcaster"
		Debug.AspNetCompiler.PhysicalPath = "DigitalBroadcaster\"
		Debug.AspNetCompiler.TargetPath = "PrecompiledWeb\DigitalBroadcaster\"
		Debug.AspNetCompiler.Updateable = "true"
		Debug.AspNetCompiler.ForceOverwrite = "true"
		Debug.AspNetCompiler.FixedNames = "false"
		Debug.AspNetCompiler.Debug = "True"
		Release.AspNetCompiler.VirtualPath = "/DigitalBroadcaster"
		Release.AspNetCompiler.PhysicalPath = "DigitalBroadcaster\"
		Release.AspNetCompiler.TargetPath = "PrecompiledWeb\DigitalBroadcaster\"
		Release.AspNetCompiler.Updateable = "true"
		Release.AspNetCompiler.ForceOverwrite = "true"
		Release.AspNetCompiler.FixedNames = "false"
		Release.AspNetCompiler.Debug = "False"
		VWDPort = "50677"
		DefaultWebSiteLanguage = "Visual C#"
	EndProjectSection
EndProject
Project("{FAE04EC0-301F-11D3-BF4B-00C04F79EFBC}") = "BroadcasterReporting", "BroadcasterReporting\BroadcasterReporting.csproj", "{BC64AE8D-B399-463D-80C0-1F1350BC9298}"
EndProject
Project("{54435603-DBB4-11D2-8724-00A0C9A8B90C}") = "OnAirSlave", "OnAirSlave\OnAirSlave.vdproj", "{55276293-E10F-460C-9035-33119A2D374B}"
EndProject
Project("{2150E333-8FDC-42A3-9474-1A3956D46DE8}") = "Resources", "Resources", "{0DB620B6-37EE-4D23-B5FD-C1A780FEF9F4}"
	ProjectSection(SolutionItems) = preProject
		Resources\Rec.bmp = Resources\Rec.bmp
	EndProjectSection
EndProject
Global
	GlobalSection(TeamFoundationVersionControl) = preSolution
		SccNumberOfProjects = 21
		SccEnterpriseProvider = {4CA58AB2-18FA-4F8D-95D4-32DDF27D184C}
		SccTeamFoundationServer = https://highprecision.tfspreview.com/defaultcollection
		SccLocalPath0 = .
		SccProjectUniqueName1 = AudioChecker\\AudioChecker.vcxproj
		SccProjectName1 = AudioChecker
		SccLocalPath1 = AudioChecker
		SccProjectUniqueName2 = Broadcaster2006\\Broadcaster2006.vdproj
		SccProjectTopLevelParentUniqueName2 = Broadcaster2006.sln
		SccProjectName2 = Broadcaster2006
		SccLocalPath2 = Broadcaster2006
		SccProjectUniqueName3 = BroadcasterMusic\\BroadcasterMusic.vcxproj
		SccProjectName3 = BroadcasterMusic
		SccLocalPath3 = BroadcasterMusic
		SccProjectUniqueName4 = broadcasternet\\broadcasternet.csproj
		SccProjectName4 = broadcasternet
		SccLocalPath4 = broadcasternet
		SccProjectUniqueName5 = BroadcasterReporting\\BroadcasterReporting.csproj
		SccProjectTopLevelParentUniqueName5 = Broadcaster2006.sln
		SccProjectName5 = BroadcasterReporting
		SccLocalPath5 = BroadcasterReporting
		SccProjectUniqueName6 = BroadcasterSrvc\\BroadcasterSrvc.csproj
		SccProjectName6 = BroadcasterSrvc
		SccLocalPath6 = BroadcasterSrvc
		SccProjectUniqueName7 = Config\\Config.vcxproj
		SccProjectName7 = Config
		SccLocalPath7 = Config
		SccProjectUniqueName8 = Conversao\\Conversao.vcxproj
		SccProjectName8 = Conversao
		SccLocalPath8 = Conversao
		SccProjectUniqueName9 = ConvertAudioFolder\\ConvertAudioFolder.vcxproj
		SccProjectName9 = ConvertAudioFolder
		SccLocalPath9 = ConvertAudioFolder
		SccWebProject10 = true
		SccProjectUniqueName10 = DigitalBroadcaster
		SccProjectName10 = DigitalBroadcaster
		SccLocalPath10 = DigitalBroadcaster
		SccProjectEnlistmentChoice10 = 2
		SccProjectUniqueName11 = Discography\\Discography.vcxproj
		SccProjectName11 = Discography
		SccLocalPath11 = Discography
		SccProjectUniqueName12 = Manager\\Manager.vcxproj
		SccProjectName12 = Manager
		SccLocalPath12 = Manager
		SccProjectUniqueName13 = NewsRoom\\NewsRoom.vcxproj
		SccProjectName13 = NewsRoom
		SccLocalPath13 = NewsRoom
		SccProjectUniqueName14 = OnAir\\OnAir.vcxproj
		SccProjectName14 = OnAir
		SccLocalPath14 = OnAir
		SccProjectUniqueName15 = OnAir_Slave\\OnAir_Slave.vcxproj
		SccProjectName15 = OnAir_Slave
		SccLocalPath15 = OnAir_Slave
		SccProjectUniqueName16 = OnAirManagement\\OnAirManagement.vcxproj
		SccProjectName16 = OnAirManagement
		SccLocalPath16 = OnAirManagement
		SccProjectUniqueName17 = OnAirSlave\\OnAirSlave.vdproj
		SccProjectTopLevelParentUniqueName17 = Broadcaster2006.sln
		SccProjectName17 = OnAirSlave
		SccLocalPath17 = OnAirSlave
		SccProjectUniqueName18 = Scheduler\\Scheduler.vcxproj
		SccProjectName18 = Scheduler
		SccLocalPath18 = Scheduler
		SccProjectUniqueName19 = Traffic\\Traffic.vcxproj
		SccProjectName19 = Traffic
		SccLocalPath19 = Traffic
		SccProjectUniqueName20 = WebServices\\WebServices.vdproj
		SccProjectTopLevelParentUniqueName20 = Broadcaster2006.sln
		SccProjectName20 = WebServices
		SccLocalPath20 = WebServices
	EndGlobalSection
	GlobalSection(SolutionConfigurationPlatforms) = preSolution
		Debug|.NET = Debug|.NET
		Debug|Any CPU = Debug|Any CPU
		Debug|Mixed Platforms = Debug|Mixed Platforms
		Debug|Win32 = Debug|Win32
		Debug|x64 = Debug|x64
		Release|.NET = Release|.NET
		Release|Any CPU = Release|Any CPU
		Release|Mixed Platforms = Release|Mixed Platforms
		Release|Win32 = Release|Win32
		Release|x64 = Release|x64
	EndGlobalSection
	GlobalSection(ProjectConfigurationPlatforms) = postSolution
		{E129D639-F688-4C4B-96B3-A03870DD63FE}.Debug|.NET.ActiveCfg = Debug|x64
		{E129D639-F688-4C4B-96B3-A03870DD63FE}.Debug|Any CPU.ActiveCfg = Debug|x64
		{E129D639-F688-4C4B-96B3-A03870DD63FE}.Debug|Mixed Platforms.ActiveCfg = Debug|x64
		{E129D639-F688-4C4B-96B3-A03870DD63FE}.Debug|Mixed Platforms.Build.0 = Debug|x64
		{E129D639-F688-4C4B-96B3-A03870DD63FE}.Debug|Win32.ActiveCfg = Debug|Win32
		{E129D639-F688-4C4B-96B3-A03870DD63FE}.Debug|Win32.Build.0 = Debug|Win32
		{E129D639-F688-4C4B-96B3-A03870DD63FE}.Debug|x64.ActiveCfg = Debug|x64
		{E129D639-F688-4C4B-96B3-A03870DD63FE}.Debug|x64.Build.0 = Debug|x64
		{E129D639-F688-4C4B-96B3-A03870DD63FE}.Release|.NET.ActiveCfg = Release|x64
		{E129D639-F688-4C4B-96B3-A03870DD63FE}.Release|Any CPU.ActiveCfg = Release|x64
		{E129D639-F688-4C4B-96B3-A03870DD63FE}.Release|Mixed Platforms.ActiveCfg = Release|x64
		{E129D639-F688-4C4B-96B3-A03870DD63FE}.Release|Mixed Platforms.Build.0 = Release|x64
		{E129D639-F688-4C4B-96B3-A03870DD63FE}.Release|Win32.ActiveCfg = Release|Win32
		{E129D639-F688-4C4B-96B3-A03870DD63FE}.Release|Win32.Build.0 = Release|Win32
		{E129D639-F688-4C4B-96B3-A03870DD63FE}.Release|x64.ActiveCfg = Release|x64
		{E129D639-F688-4C4B-96B3-A03870DD63FE}.Release|x64.Build.0 = Release|x64
		{8F003C66-D344-4B81-A9B3-CAF4E1CD0B65}.Debug|.NET.ActiveCfg = Debug|x64
		{8F003C66-D344-4B81-A9B3-CAF4E1CD0B65}.Debug|Any CPU.ActiveCfg = Debug|x64
		{8F003C66-D344-4B81-A9B3-CAF4E1CD0B65}.Debug|Mixed Platforms.ActiveCfg = Debug|x64
		{8F003C66-D344-4B81-A9B3-CAF4E1CD0B65}.Debug|Mixed Platforms.Build.0 = Debug|x64
		{8F003C66-D344-4B81-A9B3-CAF4E1CD0B65}.Debug|Win32.ActiveCfg = Debug|Win32
		{8F003C66-D344-4B81-A9B3-CAF4E1CD0B65}.Debug|Win32.Build.0 = Debug|Win32
		{8F003C66-D344-4B81-A9B3-CAF4E1CD0B65}.Debug|x64.ActiveCfg = Debug|x64
		{8F003C66-D344-4B81-A9B3-CAF4E1CD0B65}.Debug|x64.Build.0 = Debug|x64
		{8F003C66-D344-4B81-A9B3-CAF4E1CD0B65}.Release|.NET.ActiveCfg = Release|x64
		{8F003C66-D344-4B81-A9B3-CAF4E1CD0B65}.Release|Any CPU.ActiveCfg = Release|x64
		{8F003C66-D344-4B81-A9B3-CAF4E1CD0B65}.Release|Mixed Platforms.ActiveCfg = Release|x64
		{8F003C66-D344-4B81-A9B3-CAF4E1CD0B65}.Release|Mixed Platforms.Build.0 = Release|x64
		{8F003C66-D344-4B81-A9B3-CAF4E1CD0B65}.Release|Win32.ActiveCfg = Release|Win32
		{8F003C66-D344-4B81-A9B3-CAF4E1CD0B65}.Release|Win32.Build.0 = Release|Win32
		{8F003C66-D344-4B81-A9B3-CAF4E1CD0B65}.Release|x64.ActiveCfg = Release|x64
		{8F003C66-D344-4B81-A9B3-CAF4E1CD0B65}.Release|x64.Build.0 = Release|x64
		{D822E21F-0E6A-444F-8852-B84884800B19}.Debug|.NET.ActiveCfg = Debug|Win32
		{D822E21F-0E6A-444F-8852-B84884800B19}.Debug|Any CPU.ActiveCfg = Debug|Win32
		{D822E21F-0E6A-444F-8852-B84884800B19}.Debug|Mixed Platforms.ActiveCfg = Debug|Win32
		{D822E21F-0E6A-444F-8852-B84884800B19}.Debug|Mixed Platforms.Build.0 = Debug|Win32
		{D822E21F-0E6A-444F-8852-B84884800B19}.Debug|Win32.ActiveCfg = Debug|Win32
		{D822E21F-0E6A-444F-8852-B84884800B19}.Debug|Win32.Build.0 = Debug|Win32
		{D822E21F-0E6A-444F-8852-B84884800B19}.Debug|x64.ActiveCfg = Debug|Win32
		{D822E21F-0E6A-444F-8852-B84884800B19}.Release|.NET.ActiveCfg = Release|Win32
		{D822E21F-0E6A-444F-8852-B84884800B19}.Release|Any CPU.ActiveCfg = Release|Win32
		{D822E21F-0E6A-444F-8852-B84884800B19}.Release|Mixed Platforms.ActiveCfg = Release|Win32
		{D822E21F-0E6A-444F-8852-B84884800B19}.Release|Mixed Platforms.Build.0 = Release|Win32
		{D822E21F-0E6A-444F-8852-B84884800B19}.Release|Win32.ActiveCfg = Release|Win32
		{D822E21F-0E6A-444F-8852-B84884800B19}.Release|Win32.Build.0 = Release|Win32
		{D822E21F-0E6A-444F-8852-B84884800B19}.Release|x64.ActiveCfg = Release|Win32
		{344EEB09-9BDA-43DA-9261-8977431A9CDF}.Debug|.NET.ActiveCfg = Debug|Win32
		{344EEB09-9BDA-43DA-9261-8977431A9CDF}.Debug|Any CPU.ActiveCfg = Debug|Win32
		{344EEB09-9BDA-43DA-9261-8977431A9CDF}.Debug|Mixed Platforms.ActiveCfg = Debug|Win32
		{344EEB09-9BDA-43DA-9261-8977431A9CDF}.Debug|Mixed Platforms.Build.0 = Debug|Win32
		{344EEB09-9BDA-43DA-9261-8977431A9CDF}.Debug|Win32.ActiveCfg = Debug|Win32
		{344EEB09-9BDA-43DA-9261-8977431A9CDF}.Debug|Win32.Build.0 = Debug|Win32
		{344EEB09-9BDA-43DA-9261-8977431A9CDF}.Debug|x64.ActiveCfg = Debug|Win32
		{344EEB09-9BDA-43DA-9261-8977431A9CDF}.Release|.NET.ActiveCfg = Release|Win32
		{344EEB09-9BDA-43DA-9261-8977431A9CDF}.Release|Any CPU.ActiveCfg = Release|Win32
		{344EEB09-9BDA-43DA-9261-8977431A9CDF}.Release|Mixed Platforms.ActiveCfg = Release|Win32
		{344EEB09-9BDA-43DA-9261-8977431A9CDF}.Release|Mixed Platforms.Build.0 = Release|Win32
		{344EEB09-9BDA-43DA-9261-8977431A9CDF}.Release|Win32.ActiveCfg = Release|Win32
		{344EEB09-9BDA-43DA-9261-8977431A9CDF}.Release|Win32.Build.0 = Release|Win32
		{344EEB09-9BDA-43DA-9261-8977431A9CDF}.Release|x64.ActiveCfg = Release|Win32
		{A754DDB0-41A7-401D-955E-7113831BFDE9}.Debug|.NET.ActiveCfg = Debug|Win32
		{A754DDB0-41A7-401D-955E-7113831BFDE9}.Debug|Any CPU.ActiveCfg = Debug|Win32
		{A754DDB0-41A7-401D-955E-7113831BFDE9}.Debug|Mixed Platforms.ActiveCfg = Debug|Win32
		{A754DDB0-41A7-401D-955E-7113831BFDE9}.Debug|Mixed Platforms.Build.0 = Debug|Win32
		{A754DDB0-41A7-401D-955E-7113831BFDE9}.Debug|Win32.ActiveCfg = Debug|Win32
		{A754DDB0-41A7-401D-955E-7113831BFDE9}.Debug|Win32.Build.0 = Debug|Win32
		{A754DDB0-41A7-401D-955E-7113831BFDE9}.Debug|x64.ActiveCfg = Debug|Win32
		{A754DDB0-41A7-401D-955E-7113831BFDE9}.Release|.NET.ActiveCfg = Release|Win32
		{A754DDB0-41A7-401D-955E-7113831BFDE9}.Release|Any CPU.ActiveCfg = Release|Win32
		{A754DDB0-41A7-401D-955E-7113831BFDE9}.Release|Mixed Platforms.ActiveCfg = Release|Win32
		{A754DDB0-41A7-401D-955E-7113831BFDE9}.Release|Mixed Platforms.Build.0 = Release|Win32
		{A754DDB0-41A7-401D-955E-7113831BFDE9}.Release|Win32.ActiveCfg = Release|Win32
		{A754DDB0-41A7-401D-955E-7113831BFDE9}.Release|Win32.Build.0 = Release|Win32
		{A754DDB0-41A7-401D-955E-7113831BFDE9}.Release|x64.ActiveCfg = Release|Win32
		{77CBFBCC-1BE9-4C8D-AEA0-39B0A017FA6C}.Debug|.NET.ActiveCfg = Debug|Win32
		{77CBFBCC-1BE9-4C8D-AEA0-39B0A017FA6C}.Debug|Any CPU.ActiveCfg = Debug|Win32
		{77CBFBCC-1BE9-4C8D-AEA0-39B0A017FA6C}.Debug|Mixed Platforms.ActiveCfg = Debug|Win32
		{77CBFBCC-1BE9-4C8D-AEA0-39B0A017FA6C}.Debug|Mixed Platforms.Build.0 = Debug|Win32
		{77CBFBCC-1BE9-4C8D-AEA0-39B0A017FA6C}.Debug|Win32.ActiveCfg = Debug|Win32
		{77CBFBCC-1BE9-4C8D-AEA0-39B0A017FA6C}.Debug|Win32.Build.0 = Debug|Win32
		{77CBFBCC-1BE9-4C8D-AEA0-39B0A017FA6C}.Debug|x64.ActiveCfg = Debug|Win32
		{77CBFBCC-1BE9-4C8D-AEA0-39B0A017FA6C}.Release|.NET.ActiveCfg = Release|Win32
		{77CBFBCC-1BE9-4C8D-AEA0-39B0A017FA6C}.Release|Any CPU.ActiveCfg = Release|Win32
		{77CBFBCC-1BE9-4C8D-AEA0-39B0A017FA6C}.Release|Mixed Platforms.ActiveCfg = Release|Win32
		{77CBFBCC-1BE9-4C8D-AEA0-39B0A017FA6C}.Release|Mixed Platforms.Build.0 = Release|Win32
		{77CBFBCC-1BE9-4C8D-AEA0-39B0A017FA6C}.Release|Win32.ActiveCfg = Release|Win32
		{77CBFBCC-1BE9-4C8D-AEA0-39B0A017FA6C}.Release|Win32.Build.0 = Release|Win32
		{77CBFBCC-1BE9-4C8D-AEA0-39B0A017FA6C}.Release|x64.ActiveCfg = Release|Win32
		{225A516D-4C88-42FD-9DC2-3027832F2E5E}.Debug|.NET.ActiveCfg = Debug|Win32
		{225A516D-4C88-42FD-9DC2-3027832F2E5E}.Debug|Any CPU.ActiveCfg = Debug|Win32
		{225A516D-4C88-42FD-9DC2-3027832F2E5E}.Debug|Mixed Platforms.ActiveCfg = Debug|Win32
		{225A516D-4C88-42FD-9DC2-3027832F2E5E}.Debug|Mixed Platforms.Build.0 = Debug|Win32
		{225A516D-4C88-42FD-9DC2-3027832F2E5E}.Debug|Win32.ActiveCfg = Debug|Win32
		{225A516D-4C88-42FD-9DC2-3027832F2E5E}.Debug|Win32.Build.0 = Debug|Win32
		{225A516D-4C88-42FD-9DC2-3027832F2E5E}.Debug|x64.ActiveCfg = Debug|Win32
		{225A516D-4C88-42FD-9DC2-3027832F2E5E}.Release|.NET.ActiveCfg = Release|Win32
		{225A516D-4C88-42FD-9DC2-3027832F2E5E}.Release|Any CPU.ActiveCfg = Release|Win32
		{225A516D-4C88-42FD-9DC2-3027832F2E5E}.Release|Mixed Platforms.ActiveCfg = Release|Win32
		{225A516D-4C88-42FD-9DC2-3027832F2E5E}.Release|Mixed Platforms.Build.0 = Release|Win32
		{225A516D-4C88-42FD-9DC2-3027832F2E5E}.Release|Win32.ActiveCfg = Release|Win32
		{225A516D-4C88-42FD-9DC2-3027832F2E5E}.Release|Win32.Build.0 = Release|Win32
		{225A516D-4C88-42FD-9DC2-3027832F2E5E}.Release|x64.ActiveCfg = Release|Win32
		{ECEEB1E8-EFA0-4EDB-A298-0DD1D1EC1114}.Debug|.NET.ActiveCfg = Debug|Win32
		{ECEEB1E8-EFA0-4EDB-A298-0DD1D1EC1114}.Debug|Any CPU.ActiveCfg = Debug|Win32
		{ECEEB1E8-EFA0-4EDB-A298-0DD1D1EC1114}.Debug|Mixed Platforms.ActiveCfg = Debug|Win32
		{ECEEB1E8-EFA0-4EDB-A298-0DD1D1EC1114}.Debug|Mixed Platforms.Build.0 = Debug|Win32
		{ECEEB1E8-EFA0-4EDB-A298-0DD1D1EC1114}.Debug|Win32.ActiveCfg = Debug|Win32
		{ECEEB1E8-EFA0-4EDB-A298-0DD1D1EC1114}.Debug|Win32.Build.0 = Debug|Win32
		{ECEEB1E8-EFA0-4EDB-A298-0DD1D1EC1114}.Debug|x64.ActiveCfg = Debug|Win32
		{ECEEB1E8-EFA0-4EDB-A298-0DD1D1EC1114}.Release|.NET.ActiveCfg = Release|Win32
		{ECEEB1E8-EFA0-4EDB-A298-0DD1D1EC1114}.Release|Any CPU.ActiveCfg = Release|Win32
		{ECEEB1E8-EFA0-4EDB-A298-0DD1D1EC1114}.Release|Mixed Platforms.ActiveCfg = Release|Win32
		{ECEEB1E8-EFA0-4EDB-A298-0DD1D1EC1114}.Release|Mixed Platforms.Build.0 = Release|Win32
		{ECEEB1E8-EFA0-4EDB-A298-0DD1D1EC1114}.Release|Win32.ActiveCfg = Release|Win32
		{ECEEB1E8-EFA0-4EDB-A298-0DD1D1EC1114}.Release|Win32.Build.0 = Release|Win32
		{ECEEB1E8-EFA0-4EDB-A298-0DD1D1EC1114}.Release|x64.ActiveCfg = Release|Win32
		{82AE35F3-CE6D-4C44-80B8-033DE0C7748B}.Debug|.NET.ActiveCfg = Debug|Win32
		{82AE35F3-CE6D-4C44-80B8-033DE0C7748B}.Debug|Any CPU.ActiveCfg = Debug|Win32
		{82AE35F3-CE6D-4C44-80B8-033DE0C7748B}.Debug|Mixed Platforms.ActiveCfg = Debug|Win32
		{82AE35F3-CE6D-4C44-80B8-033DE0C7748B}.Debug|Mixed Platforms.Build.0 = Debug|Win32
		{82AE35F3-CE6D-4C44-80B8-033DE0C7748B}.Debug|Win32.ActiveCfg = Debug|Win32
		{82AE35F3-CE6D-4C44-80B8-033DE0C7748B}.Debug|Win32.Build.0 = Debug|Win32
		{82AE35F3-CE6D-4C44-80B8-033DE0C7748B}.Debug|x64.ActiveCfg = Debug|Win32
		{82AE35F3-CE6D-4C44-80B8-033DE0C7748B}.Release|.NET.ActiveCfg = Release|Win32
		{82AE35F3-CE6D-4C44-80B8-033DE0C7748B}.Release|Any CPU.ActiveCfg = Release|Win32
		{82AE35F3-CE6D-4C44-80B8-033DE0C7748B}.Release|Mixed Platforms.ActiveCfg = Release|Win32
		{82AE35F3-CE6D-4C44-80B8-033DE0C7748B}.Release|Mixed Platforms.Build.0 = Release|Win32
		{82AE35F3-CE6D-4C44-80B8-033DE0C7748B}.Release|Win32.ActiveCfg = Release|Win32
		{82AE35F3-CE6D-4C44-80B8-033DE0C7748B}.Release|Win32.Build.0 = Release|Win32
		{82AE35F3-CE6D-4C44-80B8-033DE0C7748B}.Release|x64.ActiveCfg = Release|Win32
		{6233AC9D-F496-4B0A-A34D-9BB2DBB27A83}.Debug|.NET.ActiveCfg = Debug|Win32
		{6233AC9D-F496-4B0A-A34D-9BB2DBB27A83}.Debug|Any CPU.ActiveCfg = Debug|Win32
		{6233AC9D-F496-4B0A-A34D-9BB2DBB27A83}.Debug|Mixed Platforms.ActiveCfg = Debug|Win32
		{6233AC9D-F496-4B0A-A34D-9BB2DBB27A83}.Debug|Mixed Platforms.Build.0 = Debug|Win32
		{6233AC9D-F496-4B0A-A34D-9BB2DBB27A83}.Debug|Win32.ActiveCfg = Debug|Win32
		{6233AC9D-F496-4B0A-A34D-9BB2DBB27A83}.Debug|Win32.Build.0 = Debug|Win32
		{6233AC9D-F496-4B0A-A34D-9BB2DBB27A83}.Debug|x64.ActiveCfg = Debug|Win32
		{6233AC9D-F496-4B0A-A34D-9BB2DBB27A83}.Release|.NET.ActiveCfg = Release|Win32
		{6233AC9D-F496-4B0A-A34D-9BB2DBB27A83}.Release|Any CPU.ActiveCfg = Release|Win32
		{6233AC9D-F496-4B0A-A34D-9BB2DBB27A83}.Release|Mixed Platforms.ActiveCfg = Release|Win32
		{6233AC9D-F496-4B0A-A34D-9BB2DBB27A83}.Release|Mixed Platforms.Build.0 = Release|Win32
		{6233AC9D-F496-4B0A-A34D-9BB2DBB27A83}.Release|Win32.ActiveCfg = Release|Win32
		{6233AC9D-F496-4B0A-A34D-9BB2DBB27A83}.Release|Win32.Build.0 = Release|Win32
		{6233AC9D-F496-4B0A-A34D-9BB2DBB27A83}.Release|x64.ActiveCfg = Release|Win32
		{FC5CD2F1-1CDF-4FF5-BDDC-EBB7BA305A53}.Debug|.NET.ActiveCfg = Debug
		{FC5CD2F1-1CDF-4FF5-BDDC-EBB7BA305A53}.Debug|.NET.Build.0 = Debug
		{FC5CD2F1-1CDF-4FF5-BDDC-EBB7BA305A53}.Debug|Any CPU.ActiveCfg = Debug
		{FC5CD2F1-1CDF-4FF5-BDDC-EBB7BA305A53}.Debug|Any CPU.Build.0 = Debug
		{FC5CD2F1-1CDF-4FF5-BDDC-EBB7BA305A53}.Debug|Mixed Platforms.ActiveCfg = Debug
		{FC5CD2F1-1CDF-4FF5-BDDC-EBB7BA305A53}.Debug|Mixed Platforms.Build.0 = Debug
		{FC5CD2F1-1CDF-4FF5-BDDC-EBB7BA305A53}.Debug|Win32.ActiveCfg = Debug
		{FC5CD2F1-1CDF-4FF5-BDDC-EBB7BA305A53}.Debug|x64.ActiveCfg = Debug
		{FC5CD2F1-1CDF-4FF5-BDDC-EBB7BA305A53}.Release|.NET.ActiveCfg = Release
		{FC5CD2F1-1CDF-4FF5-BDDC-EBB7BA305A53}.Release|.NET.Build.0 = Release
		{FC5CD2F1-1CDF-4FF5-BDDC-EBB7BA305A53}.Release|Any CPU.ActiveCfg = Release
		{FC5CD2F1-1CDF-4FF5-BDDC-EBB7BA305A53}.Release|Any CPU.Build.0 = Release
		{FC5CD2F1-1CDF-4FF5-BDDC-EBB7BA305A53}.Release|Mixed Platforms.ActiveCfg = Release
		{FC5CD2F1-1CDF-4FF5-BDDC-EBB7BA305A53}.Release|Mixed Platforms.Build.0 = Release
		{FC5CD2F1-1CDF-4FF5-BDDC-EBB7BA305A53}.Release|Win32.ActiveCfg = Release
		{FC5CD2F1-1CDF-4FF5-BDDC-EBB7BA305A53}.Release|x64.ActiveCfg = Release
		{755EE30B-0C56-4219-ADD8-C098D1E1FFBB}.Debug|.NET.ActiveCfg = Debug|Win32
		{755EE30B-0C56-4219-ADD8-C098D1E1FFBB}.Debug|Any CPU.ActiveCfg = Debug|Win32
		{755EE30B-0C56-4219-ADD8-C098D1E1FFBB}.Debug|Mixed Platforms.ActiveCfg = Debug|Win32
		{755EE30B-0C56-4219-ADD8-C098D1E1FFBB}.Debug|Mixed Platforms.Build.0 = Debug|Win32
		{755EE30B-0C56-4219-ADD8-C098D1E1FFBB}.Debug|Win32.ActiveCfg = Debug|Win32
		{755EE30B-0C56-4219-ADD8-C098D1E1FFBB}.Debug|Win32.Build.0 = Debug|Win32
		{755EE30B-0C56-4219-ADD8-C098D1E1FFBB}.Debug|x64.ActiveCfg = Debug|Win32
		{755EE30B-0C56-4219-ADD8-C098D1E1FFBB}.Release|.NET.ActiveCfg = Release|Win32
		{755EE30B-0C56-4219-ADD8-C098D1E1FFBB}.Release|Any CPU.ActiveCfg = Release|Win32
		{755EE30B-0C56-4219-ADD8-C098D1E1FFBB}.Release|Mixed Platforms.ActiveCfg = Release|Win32
		{755EE30B-0C56-4219-ADD8-C098D1E1FFBB}.Release|Mixed Platforms.Build.0 = Release|Win32
		{755EE30B-0C56-4219-ADD8-C098D1E1FFBB}.Release|Win32.ActiveCfg = Release|Win32
		{755EE30B-0C56-4219-ADD8-C098D1E1FFBB}.Release|Win32.Build.0 = Release|Win32
		{755EE30B-0C56-4219-ADD8-C098D1E1FFBB}.Release|x64.ActiveCfg = Release|Win32
		{DD3A1882-07E4-400F-92AD-350DEA950FF5}.Debug|.NET.ActiveCfg = Debug|Win32
		{DD3A1882-07E4-400F-92AD-350DEA950FF5}.Debug|Any CPU.ActiveCfg = Debug|Win32
		{DD3A1882-07E4-400F-92AD-350DEA950FF5}.Debug|Mixed Platforms.ActiveCfg = Debug|Win32
		{DD3A1882-07E4-400F-92AD-350DEA950FF5}.Debug|Mixed Platforms.Build.0 = Debug|Win32
		{DD3A1882-07E4-400F-92AD-350DEA950FF5}.Debug|Win32.ActiveCfg = Debug|Win32
		{DD3A1882-07E4-400F-92AD-350DEA950FF5}.Debug|Win32.Build.0 = Debug|Win32
		{DD3A1882-07E4-400F-92AD-350DEA950FF5}.Debug|x64.ActiveCfg = Debug|Win32
		{DD3A1882-07E4-400F-92AD-350DEA950FF5}.Release|.NET.ActiveCfg = Release|Win32
		{DD3A1882-07E4-400F-92AD-350DEA950FF5}.Release|Any CPU.ActiveCfg = Release|Win32
		{DD3A1882-07E4-400F-92AD-350DEA950FF5}.Release|Mixed Platforms.ActiveCfg = Release|Win32
		{DD3A1882-07E4-400F-92AD-350DEA950FF5}.Release|Mixed Platforms.Build.0 = Release|Win32
		{DD3A1882-07E4-400F-92AD-350DEA950FF5}.Release|Win32.ActiveCfg = Release|Win32
		{DD3A1882-07E4-400F-92AD-350DEA950FF5}.Release|Win32.Build.0 = Release|Win32
		{DD3A1882-07E4-400F-92AD-350DEA950FF5}.Release|x64.ActiveCfg = Release|Win32
		{C41B049A-84B0-499B-962B-A541F012661E}.Debug|.NET.ActiveCfg = Debug|Win32
		{C41B049A-84B0-499B-962B-A541F012661E}.Debug|Any CPU.ActiveCfg = Debug|Win32
		{C41B049A-84B0-499B-962B-A541F012661E}.Debug|Mixed Platforms.ActiveCfg = Debug|Win32
		{C41B049A-84B0-499B-962B-A541F012661E}.Debug|Mixed Platforms.Build.0 = Debug|Win32
		{C41B049A-84B0-499B-962B-A541F012661E}.Debug|Win32.ActiveCfg = Debug|Win32
		{C41B049A-84B0-499B-962B-A541F012661E}.Debug|Win32.Build.0 = Debug|Win32
		{C41B049A-84B0-499B-962B-A541F012661E}.Debug|x64.ActiveCfg = Debug|Win32
		{C41B049A-84B0-499B-962B-A541F012661E}.Release|.NET.ActiveCfg = Release|Win32
		{C41B049A-84B0-499B-962B-A541F012661E}.Release|Any CPU.ActiveCfg = Release|Win32
		{C41B049A-84B0-499B-962B-A541F012661E}.Release|Mixed Platforms.ActiveCfg = Release|Win32
		{C41B049A-84B0-499B-962B-A541F012661E}.Release|Mixed Platforms.Build.0 = Release|Win32
		{C41B049A-84B0-499B-962B-A541F012661E}.Release|Win32.ActiveCfg = Release|Win32
		{C41B049A-84B0-499B-962B-A541F012661E}.Release|Win32.Build.0 = Release|Win32
		{C41B049A-84B0-499B-962B-A541F012661E}.Release|x64.ActiveCfg = Release|Win32
		{F9EC15F2-6190-4ADE-B68C-7A1184080357}.Debug|.NET.ActiveCfg = Debug|Any CPU
		{F9EC15F2-6190-4ADE-B68C-7A1184080357}.Debug|Any CPU.ActiveCfg = Debug|Any CPU
		{F9EC15F2-6190-4ADE-B68C-7A1184080357}.Debug|Any CPU.Build.0 = Debug|Any CPU
		{F9EC15F2-6190-4ADE-B68C-7A1184080357}.Debug|Mixed Platforms.ActiveCfg = Debug|Any CPU
		{F9EC15F2-6190-4ADE-B68C-7A1184080357}.Debug|Mixed Platforms.Build.0 = Debug|Any CPU
		{F9EC15F2-6190-4ADE-B68C-7A1184080357}.Debug|Win32.ActiveCfg = Debug|Any CPU
		{F9EC15F2-6190-4ADE-B68C-7A1184080357}.Debug|x64.ActiveCfg = Debug|Any CPU
		{F9EC15F2-6190-4ADE-B68C-7A1184080357}.Release|.NET.ActiveCfg = Release|Any CPU
		{F9EC15F2-6190-4ADE-B68C-7A1184080357}.Release|Any CPU.ActiveCfg = Release|Any CPU
		{F9EC15F2-6190-4ADE-B68C-7A1184080357}.Release|Any CPU.Build.0 = Release|Any CPU
		{F9EC15F2-6190-4ADE-B68C-7A1184080357}.Release|Mixed Platforms.ActiveCfg = Release|Any CPU
		{F9EC15F2-6190-4ADE-B68C-7A1184080357}.Release|Mixed Platforms.Build.0 = Release|Any CPU
		{F9EC15F2-6190-4ADE-B68C-7A1184080357}.Release|Win32.ActiveCfg = Release|Any CPU
		{F9EC15F2-6190-4ADE-B68C-7A1184080357}.Release|x64.ActiveCfg = Release|Any CPU
		{19DE66CC-A43E-453F-96D3-080710071F5A}.Debug|.NET.ActiveCfg = Debug|Any CPU
		{19DE66CC-A43E-453F-96D3-080710071F5A}.Debug|Any CPU.ActiveCfg = Debug|Any CPU
		{19DE66CC-A43E-453F-96D3-080710071F5A}.Debug|Any CPU.Build.0 = Debug|Any CPU
		{19DE66CC-A43E-453F-96D3-080710071F5A}.Debug|Mixed Platforms.ActiveCfg = Debug|Any CPU
		{19DE66CC-A43E-453F-96D3-080710071F5A}.Debug|Mixed Platforms.Build.0 = Debug|Any CPU
		{19DE66CC-A43E-453F-96D3-080710071F5A}.Debug|Win32.ActiveCfg = Debug|Any CPU
		{19DE66CC-A43E-453F-96D3-080710071F5A}.Debug|x64.ActiveCfg = Debug|Any CPU
		{19DE66CC-A43E-453F-96D3-080710071F5A}.Release|.NET.ActiveCfg = Release|Any CPU
		{19DE66CC-A43E-453F-96D3-080710071F5A}.Release|Any CPU.ActiveCfg = Release|Any CPU
		{19DE66CC-A43E-453F-96D3-080710071F5A}.Release|Any CPU.Build.0 = Release|Any CPU
		{19DE66CC-A43E-453F-96D3-080710071F5A}.Release|Mixed Platforms.ActiveCfg = Release|Any CPU
		{19DE66CC-A43E-453F-96D3-080710071F5A}.Release|Mixed Platforms.Build.0 = Release|Any CPU
		{19DE66CC-A43E-453F-96D3-080710071F5A}.Release|Win32.ActiveCfg = Release|Any CPU
		{19DE66CC-A43E-453F-96D3-080710071F5A}.Release|x64.ActiveCfg = Release|Any CPU
		{C738A379-D2BC-42DA-8F84-331AC53D153E}.Debug|.NET.ActiveCfg = Debug
		{C738A379-D2BC-42DA-8F84-331AC53D153E}.Debug|.NET.Build.0 = Debug
		{C738A379-D2BC-42DA-8F84-331AC53D153E}.Debug|Any CPU.ActiveCfg = Debug
		{C738A379-D2BC-42DA-8F84-331AC53D153E}.Debug|Mixed Platforms.ActiveCfg = Debug
		{C738A379-D2BC-42DA-8F84-331AC53D153E}.Debug|Win32.ActiveCfg = Debug
		{C738A379-D2BC-42DA-8F84-331AC53D153E}.Debug|x64.ActiveCfg = Debug
		{C738A379-D2BC-42DA-8F84-331AC53D153E}.Release|.NET.ActiveCfg = Release
		{C738A379-D2BC-42DA-8F84-331AC53D153E}.Release|.NET.Build.0 = Release
		{C738A379-D2BC-42DA-8F84-331AC53D153E}.Release|Any CPU.ActiveCfg = Release
		{C738A379-D2BC-42DA-8F84-331AC53D153E}.Release|Mixed Platforms.ActiveCfg = Release
		{C738A379-D2BC-42DA-8F84-331AC53D153E}.Release|Win32.ActiveCfg = Release
		{C738A379-D2BC-42DA-8F84-331AC53D153E}.Release|x64.ActiveCfg = Release
		{DF73E85F-1616-44BD-BEF4-73AF54432C89}.Debug|.NET.ActiveCfg = Debug|.NET
		{DF73E85F-1616-44BD-BEF4-73AF54432C89}.Debug|.NET.Build.0 = Debug|.NET
		{DF73E85F-1616-44BD-BEF4-73AF54432C89}.Debug|Any CPU.ActiveCfg = Debug|.NET
		{DF73E85F-1616-44BD-BEF4-73AF54432C89}.Debug|Mixed Platforms.ActiveCfg = Debug|.NET
		{DF73E85F-1616-44BD-BEF4-73AF54432C89}.Debug|Mixed Platforms.Build.0 = Debug|.NET
		{DF73E85F-1616-44BD-BEF4-73AF54432C89}.Debug|Win32.ActiveCfg = Debug|.NET
		{DF73E85F-1616-44BD-BEF4-73AF54432C89}.Debug|x64.ActiveCfg = Debug|.NET
		{DF73E85F-1616-44BD-BEF4-73AF54432C89}.Release|.NET.ActiveCfg = Debug|.NET
		{DF73E85F-1616-44BD-BEF4-73AF54432C89}.Release|.NET.Build.0 = Debug|.NET
		{DF73E85F-1616-44BD-BEF4-73AF54432C89}.Release|Any CPU.ActiveCfg = Debug|.NET
		{DF73E85F-1616-44BD-BEF4-73AF54432C89}.Release|Mixed Platforms.ActiveCfg = Debug|.NET
		{DF73E85F-1616-44BD-BEF4-73AF54432C89}.Release|Mixed Platforms.Build.0 = Debug|.NET
		{DF73E85F-1616-44BD-BEF4-73AF54432C89}.Release|Win32.ActiveCfg = Debug|.NET
		{DF73E85F-1616-44BD-BEF4-73AF54432C89}.Release|x64.ActiveCfg = Debug|.NET
		{BC64AE8D-B399-463D-80C0-1F1350BC9298}.Debug|.NET.ActiveCfg = Debug|Any CPU
		{BC64AE8D-B399-463D-80C0-1F1350BC9298}.Debug|Any CPU.ActiveCfg = Debug|Any CPU
		{BC64AE8D-B399-463D-80C0-1F1350BC9298}.Debug|Any CPU.Build.0 = Debug|Any CPU
		{BC64AE8D-B399-463D-80C0-1F1350BC9298}.Debug|Mixed Platforms.ActiveCfg = Debug|Any CPU
		{BC64AE8D-B399-463D-80C0-1F1350BC9298}.Debug|Mixed Platforms.Build.0 = Debug|Any CPU
		{BC64AE8D-B399-463D-80C0-1F1350BC9298}.Debug|Win32.ActiveCfg = Debug|Any CPU
		{BC64AE8D-B399-463D-80C0-1F1350BC9298}.Debug|x64.ActiveCfg = Debug|Any CPU
		{BC64AE8D-B399-463D-80C0-1F1350BC9298}.Release|.NET.ActiveCfg = Release|Any CPU
		{BC64AE8D-B399-463D-80C0-1F1350BC9298}.Release|Any CPU.ActiveCfg = Release|Any CPU
		{BC64AE8D-B399-463D-80C0-1F1350BC9298}.Release|Any CPU.Build.0 = Release|Any CPU
		{BC64AE8D-B399-463D-80C0-1F1350BC9298}.Release|Mixed Platforms.ActiveCfg = Release|Any CPU
		{BC64AE8D-B399-463D-80C0-1F1350BC9298}.Release|Mixed Platforms.Build.0 = Release|Any CPU
		{BC64AE8D-B399-463D-80C0-1F1350BC9298}.Release|Win32.ActiveCfg = Release|Any CPU
		{BC64AE8D-B399-463D-80C0-1F1350BC9298}.Release|x64.ActiveCfg = Release|Any CPU
		{55276293-E10F-460C-9035-33119A2D374B}.Debug|.NET.ActiveCfg = Debug
		{55276293-E10F-460C-9035-33119A2D374B}.Debug|Any CPU.ActiveCfg = Debug
		{55276293-E10F-460C-9035-33119A2D374B}.Debug|Mixed Platforms.ActiveCfg = Debug
		{55276293-E10F-460C-9035-33119A2D374B}.Debug|Win32.ActiveCfg = Debug
		{55276293-E10F-460C-9035-33119A2D374B}.Debug|x64.ActiveCfg = Debug
		{55276293-E10F-460C-9035-33119A2D374B}.Release|.NET.ActiveCfg = Release
		{55276293-E10F-460C-9035-33119A2D374B}.Release|Any CPU.ActiveCfg = Release
		{55276293-E10F-460C-9035-33119A2D374B}.Release|Mixed Platforms.ActiveCfg = Release
		{55276293-E10F-460C-9035-33119A2D374B}.Release|Win32.ActiveCfg = Release
		{55276293-E10F-460C-9035-33119A2D374B}.Release|x64.ActiveCfg = Release
	EndGlobalSection
	GlobalSection(SolutionProperties) = preSolution
		HideSolutionNode = FALSE
	EndGlobalSection
	GlobalSection(NestedProjects) = preSolution
		{BC64AE8D-B399-463D-80C0-1F1350BC9298} = {B4223BB5-AA19-45BB-B5D0-422EC100DB55}
		{FC5CD2F1-1CDF-4FF5-BDDC-EBB7BA305A53} = {76C27263-8544-4588-890E-3F8B06920C2F}
		{C738A379-D2BC-42DA-8F84-331AC53D153E} = {76C27263-8544-4588-890E-3F8B06920C2F}
		{55276293-E10F-460C-9035-33119A2D374B} = {76C27263-8544-4588-890E-3F8B06920C2F}
	EndGlobalSection
	GlobalSection(ExtensibilityGlobals) = postSolution
		VisualSVNWorkingCopyRoot = .
	EndGlobalSection
EndGlobal
