<?xml version="1.0" encoding="utf-8"?>
<Project ToolsVersion="4.0" xmlns="http://schemas.microsoft.com/developer/msbuild/2003">
  <ItemGroup>
    <Filter Include="Source Files">
      <UniqueIdentifier>{cc9fc5bc-da70-42a5-8928-9f4559f389c9}</UniqueIdentifier>
      <Extensions>cpp;c;cxx;rc;def;r;odl;idl;hpj;bat</Extensions>
    </Filter>
    <Filter Include="Header Files">
      <UniqueIdentifier>{fad72ceb-819e-4ebe-a219-8d9091367a4e}</UniqueIdentifier>
      <Extensions>h;hpp;hxx;hm;inl</Extensions>
    </Filter>
    <Filter Include="Resource Files">
      <UniqueIdentifier>{eae0745c-5048-4d0f-aa9a-273d21e936db}</UniqueIdentifier>
      <Extensions>ico;cur;bmp;dlg;rc2;rct;bin;rgs;gif;jpg;jpeg;jpe</Extensions>
    </Filter>
  </ItemGroup>
  <ItemGroup>
    <ClCompile Include="..\Common\Source\AudioStream.cpp">
      <Filter>Source Files</Filter>
    </ClCompile>
    <ClCompile Include="Customer.cpp">
      <Filter>Source Files</Filter>
    </ClCompile>
    <ClCompile Include="..\Source\DigitalChildFrame.cpp">
      <Filter>Source Files</Filter>
    </ClCompile>
    <ClCompile Include="..\Source\DigitalLeftView.cpp">
      <Filter>Source Files</Filter>
    </ClCompile>
    <ClCompile Include="..\Common\Source\DRMDropTarget.cpp">
      <Filter>Source Files</Filter>
    </ClCompile>
    <ClCompile Include="..\Common\Source\DRMHtml.cpp">
      <Filter>Source Files</Filter>
    </ClCompile>
    <ClCompile Include="..\Common\Source\HtmlInfo.cpp">
      <Filter>Source Files</Filter>
    </ClCompile>
    <ClCompile Include="MainFrm.cpp">
      <Filter>Source Files</Filter>
    </ClCompile>
    <ClCompile Include="..\Common\Source\Mp3File.cpp">
      <Filter>Source Files</Filter>
    </ClCompile>
    <ClCompile Include="..\Common\Source\Permissions.cpp">
      <Filter>Source Files</Filter>
    </ClCompile>
    <ClCompile Include="..\OnAir\PFLWnd.cpp">
      <Filter>Source Files</Filter>
    </ClCompile>
    <ClCompile Include="..\OnAir\PlayerButton.cpp">
      <Filter>Source Files</Filter>
    </ClCompile>
    <ClCompile Include="RadioStation.cpp">
      <Filter>Source Files</Filter>
    </ClCompile>
    <ClCompile Include="..\OnAir\Recorder.cpp">
      <Filter>Source Files</Filter>
    </ClCompile>
    <ClCompile Include="..\Source\RecordingsFrame.cpp">
      <Filter>Source Files</Filter>
    </ClCompile>
    <ClCompile Include="..\Source\RecordingsLeftView.cpp">
      <Filter>Source Files</Filter>
    </ClCompile>
    <ClCompile Include="..\Source\RecordingTask.cpp">
      <Filter>Source Files</Filter>
    </ClCompile>
    <ClCompile Include="..\Source\RSAgency.cpp">
      <Filter>Source Files</Filter>
    </ClCompile>
    <ClCompile Include="..\Source\RSBlocksComposition.cpp">
      <Filter>Source Files</Filter>
    </ClCompile>
    <ClCompile Include="..\Source\RSBlocksDefinition.cpp">
      <Filter>Source Files</Filter>
    </ClCompile>
    <ClCompile Include="..\Source\RSBusiness.cpp">
      <Filter>Source Files</Filter>
    </ClCompile>
    <ClCompile Include="..\Common\Source\rscomputers.cpp">
      <Filter>Source Files</Filter>
    </ClCompile>
    <ClCompile Include="..\Source\RSCustomer.cpp">
      <Filter>Source Files</Filter>
    </ClCompile>
    <ClCompile Include="..\Source\RSCustomersList.cpp">
      <Filter>Source Files</Filter>
    </ClCompile>
    <ClCompile Include="..\Source\RSOnAirUsers.cpp">
      <Filter>Source Files</Filter>
    </ClCompile>
    <ClCompile Include="..\Source\RSPath.cpp">
      <Filter>Source Files</Filter>
    </ClCompile>
    <ClCompile Include="..\Source\RSRadioStations.cpp">
      <Filter>Source Files</Filter>
    </ClCompile>
    <ClCompile Include="..\Source\RSRecordingTask.cpp">
      <Filter>Source Files</Filter>
    </ClCompile>
    <ClCompile Include="..\Source\RSRecordingVersion.cpp">
      <Filter>Source Files</Filter>
    </ClCompile>
    <ClCompile Include="..\Source\RSSalesman.cpp">
      <Filter>Source Files</Filter>
    </ClCompile>
    <ClCompile Include="..\Include\RSScheduleBlocks.cpp">
      <Filter>Source Files</Filter>
    </ClCompile>
    <ClCompile Include="..\Source\RSScheduleDefinition.cpp">
      <Filter>Source Files</Filter>
    </ClCompile>
    <ClCompile Include="..\Source\RSScheduleSpots.cpp">
      <Filter>Source Files</Filter>
    </ClCompile>
    <ClCompile Include="..\Source\RSSponsors.cpp">
      <Filter>Source Files</Filter>
    </ClCompile>
    <ClCompile Include="..\Source\RSSpots.cpp">
      <Filter>Source Files</Filter>
    </ClCompile>
    <ClCompile Include="..\Common\Source\rssystemusers.cpp">
      <Filter>Source Files</Filter>
    </ClCompile>
    <ClCompile Include="..\Source\RSTraffic.cpp">
      <Filter>Source Files</Filter>
    </ClCompile>
    <ClCompile Include="..\Source\RSTrafficScheduleDefinition.cpp">
      <Filter>Source Files</Filter>
    </ClCompile>
    <ClCompile Include="..\Source\RSViewBlocksStatusOnSpots.cpp">
      <Filter>Source Files</Filter>
    </ClCompile>
    <ClCompile Include="..\Source\RSViewCustomersFull.cpp">
      <Filter>Source Files</Filter>
    </ClCompile>
    <ClCompile Include="..\OnAir\RSViewJinglesDataOnAir.cpp">
      <Filter>Source Files</Filter>
    </ClCompile>
    <ClCompile Include="..\Source\RSViewJinglesSmallList.cpp">
      <Filter>Source Files</Filter>
    </ClCompile>
    <ClCompile Include="..\OnAir\RSViewMusicDataPlaying.cpp">
      <Filter>Source Files</Filter>
    </ClCompile>
    <ClCompile Include="..\Source\RSViewRecordings.cpp">
      <Filter>Source Files</Filter>
    </ClCompile>
    <ClCompile Include="..\Source\RSViewRecordingTasks.cpp">
      <Filter>Source Files</Filter>
    </ClCompile>
    <ClCompile Include="..\Source\RSViewRecordingTasksSmall.cpp">
      <Filter>Source Files</Filter>
    </ClCompile>
    <ClCompile Include="..\Source\RSViewRms.cpp">
      <Filter>Source Files</Filter>
    </ClCompile>
    <ClCompile Include="..\Source\RSViewSponsors.cpp">
      <Filter>Source Files</Filter>
    </ClCompile>
    <ClCompile Include="..\Source\RSViewSpotFiles.cpp">
      <Filter>Source Files</Filter>
    </ClCompile>
    <ClCompile Include="..\OnAir\RSViewSpotOnAirData.cpp">
      <Filter>Source Files</Filter>
    </ClCompile>
    <ClCompile Include="..\Source\RSViewSpotPeriodOnTraffic.cpp">
      <Filter>Source Files</Filter>
    </ClCompile>
    <ClCompile Include="..\Source\RSViewSpotsFull.cpp">
      <Filter>Source Files</Filter>
    </ClCompile>
    <ClCompile Include="..\Source\RSViewSpotsList.cpp">
      <Filter>Source Files</Filter>
    </ClCompile>
    <ClCompile Include="..\Source\RSViewTimeSignal.cpp">
      <Filter>Source Files</Filter>
    </ClCompile>
    <ClCompile Include="..\Source\RSViewTraffic.cpp">
      <Filter>Source Files</Filter>
    </ClCompile>
    <ClCompile Include="..\Source\RSViewTrafficDetails.cpp">
      <Filter>Source Files</Filter>
    </ClCompile>
    <ClCompile Include="..\Source\RSViewTrafficSchedule.cpp">
      <Filter>Source Files</Filter>
    </ClCompile>
    <ClCompile Include="..\Source\RSViewTrafficScheduleBlocks.cpp">
      <Filter>Source Files</Filter>
    </ClCompile>
    <ClCompile Include="..\Source\RSViewTrafficScheduleSpots.cpp">
      <Filter>Source Files</Filter>
    </ClCompile>
    <ClCompile Include="..\OnAir\RSViewVoiceInsertOnAir.cpp">
      <Filter>Source Files</Filter>
    </ClCompile>
    <ClCompile Include="..\Source\RSVoices.cpp">
      <Filter>Source Files</Filter>
    </ClCompile>
    <ClCompile Include="ScheduleBlockDetail.cpp">
      <Filter>Source Files</Filter>
    </ClCompile>
    <ClCompile Include="ScheduleBlocks.cpp">
      <Filter>Source Files</Filter>
    </ClCompile>
    <ClCompile Include="ScheduleMain.cpp">
      <Filter>Source Files</Filter>
    </ClCompile>
    <ClCompile Include="ScheduleSpotDetail.cpp">
      <Filter>Source Files</Filter>
    </ClCompile>
    <ClCompile Include="ScheduleSpots.cpp">
      <Filter>Source Files</Filter>
    </ClCompile>
    <ClCompile Include="SheduleDlg.cpp">
      <Filter>Source Files</Filter>
    </ClCompile>
    <ClCompile Include="Sponsor.cpp">
      <Filter>Source Files</Filter>
    </ClCompile>
    <ClCompile Include="SponsorsFrame.cpp">
      <Filter>Source Files</Filter>
    </ClCompile>
    <ClCompile Include="SponsorsLeftView.cpp">
      <Filter>Source Files</Filter>
    </ClCompile>
    <ClCompile Include="Spot.cpp">
      <Filter>Source Files</Filter>
    </ClCompile>
    <ClCompile Include="StdAfx.cpp">
      <Filter>Source Files</Filter>
    </ClCompile>
    <ClCompile Include="Teste.cpp">
      <Filter>Source Files</Filter>
    </ClCompile>
    <ClCompile Include="..\OnAir\TimerDefinition.cpp">
      <Filter>Source Files</Filter>
    </ClCompile>
    <ClCompile Include="Traffic.cpp">
      <Filter>Source Files</Filter>
    </ClCompile>
    <ClCompile Include="TrafficDoc.cpp">
      <Filter>Source Files</Filter>
    </ClCompile>
    <ClCompile Include="TrafficManagmentFrame.cpp">
      <Filter>Source Files</Filter>
    </ClCompile>
    <ClCompile Include="TrafficManagmentLeftView.cpp">
      <Filter>Source Files</Filter>
    </ClCompile>
    <ClCompile Include="..\OnAir\typeLineUpItem.cpp">
      <Filter>Source Files</Filter>
    </ClCompile>
    <ClCompile Include="..\common\Source\Utils.cpp">
      <Filter>Source Files</Filter>
    </ClCompile>
    <ClCompile Include="..\Common\Source\WaveFile.cpp">
      <Filter>Source Files</Filter>
    </ClCompile>
  </ItemGroup>
  <ItemGroup>
    <ResourceCompile Include="Traffic.rc">
      <Filter>Source Files</Filter>
    </ResourceCompile>
  </ItemGroup>
  <ItemGroup>
    <ClInclude Include="Customer.h">
      <Filter>Header Files</Filter>
    </ClInclude>
    <ClInclude Include="..\Include\DigitalChildFrame.h">
      <Filter>Header Files</Filter>
    </ClInclude>
    <ClInclude Include="..\Include\DigitalLeftView.h">
      <Filter>Header Files</Filter>
    </ClInclude>
    <ClInclude Include="MainFrm.h">
      <Filter>Header Files</Filter>
    </ClInclude>
    <ClInclude Include="..\OnAir\OnAirDefines.h">
      <Filter>Header Files</Filter>
    </ClInclude>
    <ClInclude Include="RadioStation.h">
      <Filter>Header Files</Filter>
    </ClInclude>
    <ClInclude Include="..\Include\RecordingsFrame.h">
      <Filter>Header Files</Filter>
    </ClInclude>
    <ClInclude Include="..\Include\RecordingsLeftView.h">
      <Filter>Header Files</Filter>
    </ClInclude>
    <ClInclude Include="..\Include\RecordingTask.h">
      <Filter>Header Files</Filter>
    </ClInclude>
    <ClInclude Include="Resource.h">
      <Filter>Header Files</Filter>
    </ClInclude>
    <ClInclude Include="..\Include\RSAgency.h">
      <Filter>Header Files</Filter>
    </ClInclude>
    <ClInclude Include="..\Include\RSBusiness.h">
      <Filter>Header Files</Filter>
    </ClInclude>
    <ClInclude Include="..\Include\RSCustomer.h">
      <Filter>Header Files</Filter>
    </ClInclude>
    <ClInclude Include="..\Include\RSCustomersList.h">
      <Filter>Header Files</Filter>
    </ClInclude>
    <ClInclude Include="..\Include\RSOnAirUsers.h">
      <Filter>Header Files</Filter>
    </ClInclude>
    <ClInclude Include="..\Include\RSRadioStations.h">
      <Filter>Header Files</Filter>
    </ClInclude>
    <ClInclude Include="..\Include\RSRecordingTask.h">
      <Filter>Header Files</Filter>
    </ClInclude>
    <ClInclude Include="..\Include\RSSalesman.h">
      <Filter>Header Files</Filter>
    </ClInclude>
    <ClInclude Include="..\Include\RSScheduleBlocks.h">
      <Filter>Header Files</Filter>
    </ClInclude>
    <ClInclude Include="..\Include\RSScheduleDefinition.h">
      <Filter>Header Files</Filter>
    </ClInclude>
    <ClInclude Include="..\Include\RSScheduleSpots.h">
      <Filter>Header Files</Filter>
    </ClInclude>
    <ClInclude Include="..\Include\RSSponsors.h">
      <Filter>Header Files</Filter>
    </ClInclude>
    <ClInclude Include="..\Include\RSSpots.h">
      <Filter>Header Files</Filter>
    </ClInclude>
    <ClInclude Include="..\Include\RSTraffic.h">
      <Filter>Header Files</Filter>
    </ClInclude>
    <ClInclude Include="..\Include\RSTrafficScheduleDefinition.h">
      <Filter>Header Files</Filter>
    </ClInclude>
    <ClInclude Include="..\Include\RSViewBlocksStatusOnSpots.h">
      <Filter>Header Files</Filter>
    </ClInclude>
    <ClInclude Include="..\Include\RSViewCustomersFull.h">
      <Filter>Header Files</Filter>
    </ClInclude>
    <ClInclude Include="..\Include\RSViewJinglesSmallList.h">
      <Filter>Header Files</Filter>
    </ClInclude>
    <ClInclude Include="..\Include\RSViewRecordingTasks.h">
      <Filter>Header Files</Filter>
    </ClInclude>
    <ClInclude Include="..\Include\RSViewSponsors.h">
      <Filter>Header Files</Filter>
    </ClInclude>
    <ClInclude Include="..\Include\RSViewSpotFiles.h">
      <Filter>Header Files</Filter>
    </ClInclude>
    <ClInclude Include="..\Include\RSViewSpotPeriodOnTraffic.h">
      <Filter>Header Files</Filter>
    </ClInclude>
    <ClInclude Include="..\Include\RSViewSpotsFull.h">
      <Filter>Header Files</Filter>
    </ClInclude>
    <ClInclude Include="..\Include\RSViewSpotsList.h">
      <Filter>Header Files</Filter>
    </ClInclude>
    <ClInclude Include="..\Include\RSViewTrafficDetails.h">
      <Filter>Header Files</Filter>
    </ClInclude>
    <ClInclude Include="..\Include\RSViewTrafficSchedule.h">
      <Filter>Header Files</Filter>
    </ClInclude>
    <ClInclude Include="..\Include\RSViewTrafficScheduleBlocks.h">
      <Filter>Header Files</Filter>
    </ClInclude>
    <ClInclude Include="..\Include\RSViewTrafficScheduleSpots.h">
      <Filter>Header Files</Filter>
    </ClInclude>
    <ClInclude Include="..\Include\RSVoices.h">
      <Filter>Header Files</Filter>
    </ClInclude>
    <ClInclude Include="ScheduleBlockDetail.h">
      <Filter>Header Files</Filter>
    </ClInclude>
    <ClInclude Include="ScheduleBlocks.h">
      <Filter>Header Files</Filter>
    </ClInclude>
    <ClInclude Include="ScheduleMain.h">
      <Filter>Header Files</Filter>
    </ClInclude>
    <ClInclude Include="ScheduleSpotDetail.h">
      <Filter>Header Files</Filter>
    </ClInclude>
    <ClInclude Include="ScheduleSpots.h">
      <Filter>Header Files</Filter>
    </ClInclude>
    <ClInclude Include="SheduleDlg.h">
      <Filter>Header Files</Filter>
    </ClInclude>
    <ClInclude Include="Sponsor.h">
      <Filter>Header Files</Filter>
    </ClInclude>
    <ClInclude Include="SponsorsFrame.h">
      <Filter>Header Files</Filter>
    </ClInclude>
    <ClInclude Include="SponsorsLeftView.h">
      <Filter>Header Files</Filter>
    </ClInclude>
    <ClInclude Include="Spot.h">
      <Filter>Header Files</Filter>
    </ClInclude>
    <ClInclude Include="StdAfx.h">
      <Filter>Header Files</Filter>
    </ClInclude>
    <ClInclude Include="Teste.h">
      <Filter>Header Files</Filter>
    </ClInclude>
    <ClInclude Include="Traffic.h">
      <Filter>Header Files</Filter>
    </ClInclude>
    <ClInclude Include="TrafficDoc.h">
      <Filter>Header Files</Filter>
    </ClInclude>
    <ClInclude Include="TrafficManagmentFrame.h">
      <Filter>Header Files</Filter>
    </ClInclude>
    <ClInclude Include="TrafficManagmentLeftView.h">
      <Filter>Header Files</Filter>
    </ClInclude>
    <ClInclude Include="TrafficExternals.h">
      <Filter>Header Files</Filter>
    </ClInclude>
  </ItemGroup>
  <ItemGroup>
    <None Include="res\Container - Comercial.bmp">
      <Filter>Resource Files</Filter>
    </None>
    <None Include="res\Container - jingles.bmp">
      <Filter>Resource Files</Filter>
    </None>
    <None Include="res\Container - Music.bmp">
      <Filter>Resource Files</Filter>
    </None>
    <None Include="res\Container - RMS.bmp">
      <Filter>Resource Files</Filter>
    </None>
    <None Include="res\Container - Voice Insert.bmp">
      <Filter>Resource Files</Filter>
    </None>
    <None Include="res\Info.bmp">
      <Filter>Resource Files</Filter>
    </None>
    <None Include="res\Pause - Big.bmp">
      <Filter>Resource Files</Filter>
    </None>
    <None Include="res\Play.bmp">
      <Filter>Resource Files</Filter>
    </None>
    <None Include="res\Rec Off.bmp">
      <Filter>Resource Files</Filter>
    </None>
    <None Include="res\Rec.bmp">
      <Filter>Resource Files</Filter>
    </None>
    <None Include="res\Stop.bmp">
      <Filter>Resource Files</Filter>
    </None>
    <None Include="res\Tool - Cartwall.bmp">
      <Filter>Resource Files</Filter>
    </None>
    <None Include="res\Tool - Cut.bmp">
      <Filter>Resource Files</Filter>
    </None>
    <None Include="res\Tool - Edit Spot.bmp">
      <Filter>Resource Files</Filter>
    </None>
    <None Include="res\Tool - Edit.bmp">
      <Filter>Resource Files</Filter>
    </None>
    <None Include="res\Tool - New RM.bmp">
      <Filter>Resource Files</Filter>
    </None>
    <None Include="res\Tool - New Sound.bmp">
      <Filter>Resource Files</Filter>
    </None>
    <None Include="res\TOOL - New Spot.bmp">
      <Filter>Resource Files</Filter>
    </None>
    <None Include="res\Tool - New Text.bmp">
      <Filter>Resource Files</Filter>
    </None>
    <None Include="res\Tool - New Traffic Schedule.bmp">
      <Filter>Resource Files</Filter>
    </None>
    <None Include="res\Tool - PFL.bmp">
      <Filter>Resource Files</Filter>
    </None>
    <None Include="res\TOOL - Query.bmp">
      <Filter>Resource Files</Filter>
    </None>
    <None Include="res\Toolbar.bmp">
      <Filter>Resource Files</Filter>
    </None>
    <None Include="res\Traffic.ico">
      <Filter>Resource Files</Filter>
    </None>
    <None Include="res\Traffic.rc2">
      <Filter>Resource Files</Filter>
    </None>
    <None Include="res\TrafficDoc.ico">
      <Filter>Resource Files</Filter>
    </None>
    <None Include="res\Tree - Cartwall.bmp">
      <Filter>Resource Files</Filter>
    </None>
    <None Include="res\Tree - Folder RM.bmp">
      <Filter>Resource Files</Filter>
    </None>
    <None Include="res\Tree - Folder Schedule.bmp">
      <Filter>Resource Files</Filter>
    </None>
    <None Include="res\Tree - Folder Spot.bmp">
      <Filter>Resource Files</Filter>
    </None>
    <None Include="res\Tree - Folder Text.bmp">
      <Filter>Resource Files</Filter>
    </None>
    <None Include="res\Tree - Jingle.bmp">
      <Filter>Resource Files</Filter>
    </None>
    <None Include="res\Tree - Recording Task.bmp">
      <Filter>Resource Files</Filter>
    </None>
    <None Include="res\Tree - RM.bmp">
      <Filter>Resource Files</Filter>
    </None>
    <None Include="res\Tree - Schedule.bmp">
      <Filter>Resource Files</Filter>
    </None>
    <None Include="res\Tree - Sound Recording.bmp">
      <Filter>Resource Files</Filter>
    </None>
    <None Include="res\Tree - Spot.bmp">
      <Filter>Resource Files</Filter>
    </None>
    <None Include="res\Tree - Text.bmp">
      <Filter>Resource Files</Filter>
    </None>
    <None Include="res\Tree - User.bmp">
      <Filter>Resource Files</Filter>
    </None>
    <None Include="ReadMe.txt" />
    <None Include="..\Resources\traffic.ico">
      <Filter>Resource Files</Filter>
    </None>
  </ItemGroup>
  <ItemGroup>
    <Object Include="..\Hasp\hasp32b.obj" />
    <Object Include="..\Hasp\haspms32.obj" />
  </ItemGroup>
</Project>