<?xml version="1.0" encoding="utf-8"?>
<Project ToolsVersion="4.0" xmlns="http://schemas.microsoft.com/developer/msbuild/2003">
  <ItemGroup>
    <Filter Include="Source Files">
      <UniqueIdentifier>{c75e2fa0-b5d8-485b-a97d-d13b8ff87871}</UniqueIdentifier>
      <Extensions>cpp;c;cxx;rc;def;r;odl;idl;hpj;bat</Extensions>
    </Filter>
    <Filter Include="Header Files">
      <UniqueIdentifier>{64711afc-e889-4086-b5a5-1ce043e8942b}</UniqueIdentifier>
      <Extensions>h;hpp;hxx;hm;inl</Extensions>
    </Filter>
    <Filter Include="Resource Files">
      <UniqueIdentifier>{0843c1a7-cfcd-48a3-b55e-4ccbda2e718d}</UniqueIdentifier>
      <Extensions>ico;cur;bmp;dlg;rc2;rct;bin;rgs;gif;jpg;jpeg;jpe</Extensions>
    </Filter>
  </ItemGroup>
  <ItemGroup>
    <ClCompile Include="Artist.cpp">
      <Filter>Source Files</Filter>
    </ClCompile>
    <ClCompile Include="..\Common\Source\AudioStream.cpp">
      <Filter>Source Files</Filter>
    </ClCompile>
    <ClCompile Include="..\Source\DigitalLeftView.cpp">
      <Filter>Source Files</Filter>
    </ClCompile>
    <ClCompile Include="Discography.cpp">
      <Filter>Source Files</Filter>
    </ClCompile>
    <ClCompile Include="DiscographyDoc.cpp">
      <Filter>Source Files</Filter>
    </ClCompile>
    <ClCompile Include="DiscographyView.cpp">
      <Filter>Source Files</Filter>
    </ClCompile>
    <ClCompile Include="..\Common\Source\FileNameDlg.cpp">
      <Filter>Source Files</Filter>
    </ClCompile>
    <ClCompile Include="FileSelection.cpp">
      <Filter>Source Files</Filter>
    </ClCompile>
    <ClCompile Include="LeftView.cpp">
      <Filter>Source Files</Filter>
    </ClCompile>
    <ClCompile Include="MainFrm.cpp">
      <Filter>Source Files</Filter>
    </ClCompile>
    <ClCompile Include="..\Common\Source\Mp3File.cpp">
      <Filter>Source Files</Filter>
    </ClCompile>
    <ClCompile Include="Music.cpp">
      <Filter>Source Files</Filter>
    </ClCompile>
    <ClCompile Include="..\Common\Source\Permissions.cpp">
      <Filter>Source Files</Filter>
    </ClCompile>
    <ClCompile Include="..\OnAir\PFLWnd.cpp">
      <Filter>Source Files</Filter>
    </ClCompile>
    <ClCompile Include="..\OnAir\PlayerButton.cpp">
      <Filter>Source Files</Filter>
    </ClCompile>
    <ClCompile Include="..\OnAir\Recorder.cpp">
      <Filter>Source Files</Filter>
    </ClCompile>
    <ClCompile Include="..\Source\RSArtists.cpp">
      <Filter>Source Files</Filter>
    </ClCompile>
    <ClCompile Include="..\Source\RSBlocksComposition.cpp">
      <Filter>Source Files</Filter>
    </ClCompile>
    <ClCompile Include="..\Source\RSBlocksDefinition.cpp">
      <Filter>Source Files</Filter>
    </ClCompile>
    <ClCompile Include="..\Source\RSCategories.cpp">
      <Filter>Source Files</Filter>
    </ClCompile>
    <ClCompile Include="..\Common\Source\rscomputers.cpp">
      <Filter>Source Files</Filter>
    </ClCompile>
    <ClCompile Include="..\Source\RSExpressions.cpp">
      <Filter>Source Files</Filter>
    </ClCompile>
    <ClCompile Include="..\Source\RSMusicTracks.cpp">
      <Filter>Source Files</Filter>
    </ClCompile>
    <ClCompile Include="..\Source\RSNationalities.cpp">
      <Filter>Source Files</Filter>
    </ClCompile>
    <ClCompile Include="..\Source\RSPath.cpp">
      <Filter>Source Files</Filter>
    </ClCompile>
    <ClCompile Include="..\Source\RSRadioStations.cpp">
      <Filter>Source Files</Filter>
    </ClCompile>
    <ClCompile Include="..\OnAir\RSRecord.cpp">
      <Filter>Source Files</Filter>
    </ClCompile>
    <ClCompile Include="..\Source\RSRecordLabel.cpp">
      <Filter>Source Files</Filter>
    </ClCompile>
    <ClCompile Include="..\Common\Source\rssystemusers.cpp">
      <Filter>Source Files</Filter>
    </ClCompile>
    <ClCompile Include="..\Source\RSViewArtistFull.cpp">
      <Filter>Source Files</Filter>
    </ClCompile>
    <ClCompile Include="..\Source\RSViewDiscography.cpp">
      <Filter>Source Files</Filter>
    </ClCompile>
    <ClCompile Include="..\OnAir\RSViewJinglesDataOnAir.cpp">
      <Filter>Source Files</Filter>
    </ClCompile>
    <ClCompile Include="..\OnAir\RSViewJinglesOnAir.cpp">
      <Filter>Source Files</Filter>
    </ClCompile>
    <ClCompile Include="..\OnAir\RSViewMusicDataPlaying.cpp">
      <Filter>Source Files</Filter>
    </ClCompile>
    <ClCompile Include="..\Source\RSViewMusicFiles.cpp">
      <Filter>Source Files</Filter>
    </ClCompile>
    <ClCompile Include="..\Source\RSViewMusicFull.cpp">
      <Filter>Source Files</Filter>
    </ClCompile>
    <ClCompile Include="..\Source\RSViewRecordings.cpp">
      <Filter>Source Files</Filter>
    </ClCompile>
    <ClCompile Include="..\Source\RSViewRms.cpp">
      <Filter>Source Files</Filter>
    </ClCompile>
    <ClCompile Include="..\OnAir\RSViewSpotOnAirData.cpp">
      <Filter>Source Files</Filter>
    </ClCompile>
    <ClCompile Include="..\Source\RSViewTimeSignal.cpp">
      <Filter>Source Files</Filter>
    </ClCompile>
    <ClCompile Include="..\Source\RSViewTraffic.cpp">
      <Filter>Source Files</Filter>
    </ClCompile>
    <ClCompile Include="..\OnAir\RSViewVoiceInsertOnAir.cpp">
      <Filter>Source Files</Filter>
    </ClCompile>
    <ClCompile Include="StdAfx.cpp">
      <Filter>Source Files</Filter>
    </ClCompile>
    <ClCompile Include="Teste.cpp">
      <Filter>Source Files</Filter>
    </ClCompile>
    <ClCompile Include="..\OnAir\TimerDefinition.cpp">
      <Filter>Source Files</Filter>
    </ClCompile>
    <ClCompile Include="..\OnAir\typeLineUpItem.cpp">
      <Filter>Source Files</Filter>
    </ClCompile>
    <ClCompile Include="..\common\Source\Utils.cpp">
      <Filter>Source Files</Filter>
    </ClCompile>
    <ClCompile Include="..\Common\Source\WaveFile.cpp">
      <Filter>Source Files</Filter>
    </ClCompile>
  </ItemGroup>
  <ItemGroup>
    <ResourceCompile Include="Discography.rc">
      <Filter>Source Files</Filter>
    </ResourceCompile>
  </ItemGroup>
  <ItemGroup>
    <ClInclude Include="Artist.h">
      <Filter>Header Files</Filter>
    </ClInclude>
    <ClInclude Include="Discography.h">
      <Filter>Header Files</Filter>
    </ClInclude>
    <ClInclude Include="DiscographyDoc.h">
      <Filter>Header Files</Filter>
    </ClInclude>
    <ClInclude Include="DiscographyView.h">
      <Filter>Header Files</Filter>
    </ClInclude>
    <ClInclude Include="..\Common\Include\FileNameDlg.h">
      <Filter>Header Files</Filter>
    </ClInclude>
    <ClInclude Include="FileSelection.h">
      <Filter>Header Files</Filter>
    </ClInclude>
    <ClInclude Include="LeftView.h">
      <Filter>Header Files</Filter>
    </ClInclude>
    <ClInclude Include="MainFrm.h">
      <Filter>Header Files</Filter>
    </ClInclude>
    <ClInclude Include="Music.h">
      <Filter>Header Files</Filter>
    </ClInclude>
    <ClInclude Include="Resource.h">
      <Filter>Header Files</Filter>
    </ClInclude>
    <ClInclude Include="..\Include\RSViewMusicFull.h">
      <Filter>Header Files</Filter>
    </ClInclude>
    <ClInclude Include="StdAfx.h">
      <Filter>Header Files</Filter>
    </ClInclude>
    <ClInclude Include="Teste.h">
      <Filter>Header Files</Filter>
    </ClInclude>
    <ClInclude Include="..\id3lib\include\id3\tag.h">
      <Filter>Header Files</Filter>
    </ClInclude>
    <ClInclude Include="..\id3lib\include\id3\id3lib_frame.h">
      <Filter>Header Files</Filter>
    </ClInclude>
    <ClInclude Include="..\id3lib\include\id3\globals.h">
      <Filter>Header Files</Filter>
    </ClInclude>
    <ClInclude Include="..\id3lib\include\id3\sized_types.h">
      <Filter>Header Files</Filter>
    </ClInclude>
    <ClInclude Include="..\id3lib\include\id3\field.h">
      <Filter>Header Files</Filter>
    </ClInclude>
    <ClInclude Include="..\id3lib\include\id3\utils.h">
      <Filter>Header Files</Filter>
    </ClInclude>
    <ClInclude Include="..\id3lib\include\id3\id3lib_streams.h">
      <Filter>Header Files</Filter>
    </ClInclude>
    <ClInclude Include="..\id3lib\include\id3\id3lib_strings.h">
      <Filter>Header Files</Filter>
    </ClInclude>
    <ClInclude Include="..\Include\RSNationalities.h">
      <Filter>Header Files</Filter>
    </ClInclude>
  </ItemGroup>
  <ItemGroup>
    <None Include="resource.hm">
      <Filter>Header Files</Filter>
    </None>
    <None Include="res\Container - Comercial.bmp">
      <Filter>Resource Files</Filter>
    </None>
    <None Include="res\Container - jingles.bmp">
      <Filter>Resource Files</Filter>
    </None>
    <None Include="res\Container - Music.bmp">
      <Filter>Resource Files</Filter>
    </None>
    <None Include="res\Container - RMS.bmp">
      <Filter>Resource Files</Filter>
    </None>
    <None Include="res\Container - Voice Insert.bmp">
      <Filter>Resource Files</Filter>
    </None>
    <None Include="res\Discography.rc2">
      <Filter>Resource Files</Filter>
    </None>
    <None Include="res\DiscographyDoc.ico">
      <Filter>Resource Files</Filter>
    </None>
    <None Include="res\Info.bmp">
      <Filter>Resource Files</Filter>
    </None>
    <None Include="res\new.bmp">
      <Filter>Resource Files</Filter>
    </None>
    <None Include="res\Pause - Big.bmp">
      <Filter>Resource Files</Filter>
    </None>
    <None Include="res\Play.bmp">
      <Filter>Resource Files</Filter>
    </None>
    <None Include="res\Rec Off.bmp">
      <Filter>Resource Files</Filter>
    </None>
    <None Include="res\Rec.bmp">
      <Filter>Resource Files</Filter>
    </None>
    <None Include="res\Stop.bmp">
      <Filter>Resource Files</Filter>
    </None>
    <None Include="res\Tool - Cartwall.bmp">
      <Filter>Resource Files</Filter>
    </None>
    <None Include="res\Tool - Cut.bmp">
      <Filter>Resource Files</Filter>
    </None>
    <None Include="res\Tool - Edit Spot.bmp">
      <Filter>Resource Files</Filter>
    </None>
    <None Include="res\Tool - Edit.bmp">
      <Filter>Resource Files</Filter>
    </None>
    <None Include="res\Tool - New Block.bmp">
      <Filter>Resource Files</Filter>
    </None>
    <None Include="res\Tool - New Jingle.bmp">
      <Filter>Resource Files</Filter>
    </None>
    <None Include="res\Tool - New Music.bmp">
      <Filter>Resource Files</Filter>
    </None>
    <None Include="res\Tool - New News LineUp.bmp">
      <Filter>Resource Files</Filter>
    </None>
    <None Include="res\Tool - New Play List.bmp">
      <Filter>Resource Files</Filter>
    </None>
    <None Include="res\Tool - New RM.bmp">
      <Filter>Resource Files</Filter>
    </None>
    <None Include="res\Tool - New Sound.bmp">
      <Filter>Resource Files</Filter>
    </None>
    <None Include="res\TOOL - New Spot.bmp">
      <Filter>Resource Files</Filter>
    </None>
    <None Include="res\Tool - New Text.bmp">
      <Filter>Resource Files</Filter>
    </None>
    <None Include="res\Tool - New Traffic Schedule.bmp">
      <Filter>Resource Files</Filter>
    </None>
    <None Include="res\Tool - PFL.bmp">
      <Filter>Resource Files</Filter>
    </None>
    <None Include="res\TOOL - Query.bmp">
      <Filter>Resource Files</Filter>
    </None>
    <None Include="res\Toolbar.bmp">
      <Filter>Resource Files</Filter>
    </None>
    <None Include="res\Tree - Cartwall.bmp">
      <Filter>Resource Files</Filter>
    </None>
    <None Include="res\Tree - Folder Jingle.bmp">
      <Filter>Resource Files</Filter>
    </None>
    <None Include="res\Tree - Folder Music.bmp">
      <Filter>Resource Files</Filter>
    </None>
    <None Include="res\Tree - Folder RM.bmp">
      <Filter>Resource Files</Filter>
    </None>
    <None Include="res\Tree - Folder Schedule.bmp">
      <Filter>Resource Files</Filter>
    </None>
    <None Include="res\Tree - Folder Spot.bmp">
      <Filter>Resource Files</Filter>
    </None>
    <None Include="res\Tree - Folder Text.bmp">
      <Filter>Resource Files</Filter>
    </None>
    <None Include="res\Tree - Folder Unlisted.bmp">
      <Filter>Resource Files</Filter>
    </None>
    <None Include="res\Tree - Jingle.bmp">
      <Filter>Resource Files</Filter>
    </None>
    <None Include="res\Tree - Music.bmp">
      <Filter>Resource Files</Filter>
    </None>
    <None Include="res\Tree - News LineUp.bmp">
      <Filter>Resource Files</Filter>
    </None>
    <None Include="res\Tree - Recording Task.bmp">
      <Filter>Resource Files</Filter>
    </None>
    <None Include="res\Tree - RM.bmp">
      <Filter>Resource Files</Filter>
    </None>
    <None Include="res\Tree - Schedule.bmp">
      <Filter>Resource Files</Filter>
    </None>
    <None Include="res\Tree - Sound Recording.bmp">
      <Filter>Resource Files</Filter>
    </None>
    <None Include="res\Tree - Spot.bmp">
      <Filter>Resource Files</Filter>
    </None>
    <None Include="res\Tree - Text.bmp">
      <Filter>Resource Files</Filter>
    </None>
    <None Include="res\Tree - User.bmp">
      <Filter>Resource Files</Filter>
    </None>
    <None Include="ReadMe.txt" />
    <None Include="ClassDiagram1.cd" />
    <None Include="..\Resources\discography.ico">
      <Filter>Resource Files</Filter>
    </None>
    <None Include="..\Resources\New Music.bmp">
      <Filter>Resource Files</Filter>
    </None>
    <None Include="..\Resources\Pause - Big.bmp">
      <Filter>Resource Files</Filter>
    </None>
    <None Include="..\Resources\Tool - Cut.bmp">
      <Filter>Resource Files</Filter>
    </None>
    <None Include="..\Resources\Tool - Edit.bmp">
      <Filter>Resource Files</Filter>
    </None>
    <None Include="..\Resources\Tool - PFL.bmp">
      <Filter>Resource Files</Filter>
    </None>
  </ItemGroup>
  <ItemGroup>
    <Object Include="..\Hasp\hasp32b.obj" />
    <Object Include="..\Hasp\haspms32.obj" />
  </ItemGroup>
  <ItemGroup>
    <Library Include="..\id3lib\LIB\Release\id3lib.lib" />
  </ItemGroup>
</Project>